// !$*UTF8*$!
{
	archiveVersion = 1;
	classes = {
	};
	objectVersion = 48;
	objects = {

/* Begin PBXBuildFile section */
		5D14CB2920476F940076F8C3 /* AppDelegate.swift in Sources */ = {isa = PBXBuildFile; fileRef = 5D14CB2820476F940076F8C3 /* AppDelegate.swift */; };
		5D14CB2B20476F940076F8C3 /* ViewController.swift in Sources */ = {isa = PBXBuildFile; fileRef = 5D14CB2A20476F940076F8C3 /* ViewController.swift */; };
		5D14CB2E20476F940076F8C3 /* Main.storyboard in Resources */ = {isa = PBXBuildFile; fileRef = 5D14CB2C20476F940076F8C3 /* Main.storyboard */; };
		5D14CB3120476F940076F8C3 /* Tindogs.xcdatamodeld in Sources */ = {isa = PBXBuildFile; fileRef = 5D14CB2F20476F940076F8C3 /* Tindogs.xcdatamodeld */; };
		5D14CB3320476F940076F8C3 /* Assets.xcassets in Resources */ = {isa = PBXBuildFile; fileRef = 5D14CB3220476F940076F8C3 /* Assets.xcassets */; };
		5D14CB3620476F940076F8C3 /* LaunchScreen.storyboard in Resources */ = {isa = PBXBuildFile; fileRef = 5D14CB3420476F940076F8C3 /* LaunchScreen.storyboard */; };
		5D14CB4120476F950076F8C3 /* TindogsTests.swift in Sources */ = {isa = PBXBuildFile; fileRef = 5D14CB4020476F950076F8C3 /* TindogsTests.swift */; };
		DF002BA1206D764B003AD99D /* Endpoint.swift in Sources */ = {isa = PBXBuildFile; fileRef = DF002BA0206D764B003AD99D /* Endpoint.swift */; };
		DF10BB3D206EA30B00852AAE /* WebServiceAssembly.swift in Sources */ = {isa = PBXBuildFile; fileRef = DF10BB3C206EA30B00852AAE /* WebServiceAssembly.swift */; };
		DF10BB4E206EB35600852AAE /* RxCocoa.framework in Frameworks */ = {isa = PBXBuildFile; fileRef = DF10BB45206EB1F700852AAE /* RxCocoa.framework */; };
		DF10BB4F206EB35600852AAE /* RxCocoa.framework in Embed Frameworks */ = {isa = PBXBuildFile; fileRef = DF10BB45206EB1F700852AAE /* RxCocoa.framework */; settings = {ATTRIBUTES = (CodeSignOnCopy, RemoveHeadersOnCopy, ); }; };
		DF10BB50206EB35600852AAE /* Kingfisher.framework in Frameworks */ = {isa = PBXBuildFile; fileRef = DF45B0B4206E3DC400D36D4E /* Kingfisher.framework */; };
		DF10BB51206EB35600852AAE /* Kingfisher.framework in Embed Frameworks */ = {isa = PBXBuildFile; fileRef = DF45B0B4206E3DC400D36D4E /* Kingfisher.framework */; settings = {ATTRIBUTES = (CodeSignOnCopy, RemoveHeadersOnCopy, ); }; };
		DF10BB52206EB35600852AAE /* RxSwift.framework in Frameworks */ = {isa = PBXBuildFile; fileRef = DF45B0B1206E3C7E00D36D4E /* RxSwift.framework */; };
		DF10BB53206EB35600852AAE /* RxSwift.framework in Embed Frameworks */ = {isa = PBXBuildFile; fileRef = DF45B0B1206E3C7E00D36D4E /* RxSwift.framework */; settings = {ATTRIBUTES = (CodeSignOnCopy, RemoveHeadersOnCopy, ); }; };
		DF45B0AD206E2BC200D36D4E /* WebServiceConfiguration.swift in Sources */ = {isa = PBXBuildFile; fileRef = DF45B0AC206E2BC200D36D4E /* WebServiceConfiguration.swift */; };
		DF45B0AF206E2CBB00D36D4E /* WebService.swift in Sources */ = {isa = PBXBuildFile; fileRef = DF45B0AE206E2CBB00D36D4E /* WebService.swift */; };
		DF5A5705206AC865004485A8 /* LoginFormView.swift in Sources */ = {isa = PBXBuildFile; fileRef = DF5A5703206AC865004485A8 /* LoginFormView.swift */; };
		DF5A5706206AC865004485A8 /* LoginFormView.xib in Resources */ = {isa = PBXBuildFile; fileRef = DF5A5704206AC865004485A8 /* LoginFormView.xib */; };
		DF5A5708206AC875004485A8 /* LoginFormPresenter.swift in Sources */ = {isa = PBXBuildFile; fileRef = DF5A5707206AC875004485A8 /* LoginFormPresenter.swift */; };
		DF5A570D206AD199004485A8 /* NibLoadableView.swift in Sources */ = {isa = PBXBuildFile; fileRef = DF5A570C206AD199004485A8 /* NibLoadableView.swift */; };
		DF603101206F72550002711D /* User.swift in Sources */ = {isa = PBXBuildFile; fileRef = DF603100206F72550002711D /* User.swift */; };
		DF603103206F72660002711D /* Dog.swift in Sources */ = {isa = PBXBuildFile; fileRef = DF603102206F72660002711D /* Dog.swift */; };
		DF603106206F73B80002711D /* LoginRepository.swift in Sources */ = {isa = PBXBuildFile; fileRef = DF603105206F73B80002711D /* LoginRepository.swift */; };
		DF9C2840206972DB00E95A0B /* AppAssembly.swift in Sources */ = {isa = PBXBuildFile; fileRef = DF9C283F206972DB00E95A0B /* AppAssembly.swift */; };
		DF9C28432069733B00E95A0B /* CoreAssembly.swift in Sources */ = {isa = PBXBuildFile; fileRef = DF9C28422069733B00E95A0B /* CoreAssembly.swift */; };
		DF9C284720697FED00E95A0B /* LoginViewController.swift in Sources */ = {isa = PBXBuildFile; fileRef = DF9C284520697FED00E95A0B /* LoginViewController.swift */; };
		DF9C284820697FED00E95A0B /* LoginViewController.xib in Resources */ = {isa = PBXBuildFile; fileRef = DF9C284620697FED00E95A0B /* LoginViewController.xib */; };
		DF9C284A2069853C00E95A0B /* LoginPresenter.swift in Sources */ = {isa = PBXBuildFile; fileRef = DF9C28492069853C00E95A0B /* LoginPresenter.swift */; };
		DF9C284E20698CCC00E95A0B /* LoginAssembly.swift in Sources */ = {isa = PBXBuildFile; fileRef = DF9C284D20698CCC00E95A0B /* LoginAssembly.swift */; };
		E581A60E20753C30002ECECC /* RegisterRepository.swift in Sources */ = {isa = PBXBuildFile; fileRef = E581A60D20753C30002ECECC /* RegisterRepository.swift */; };
		E581A6102075405A002ECECC /* RegisterAssembly.swift in Sources */ = {isa = PBXBuildFile; fileRef = E581A60F2075405A002ECECC /* RegisterAssembly.swift */; };
		E581A612207540F7002ECECC /* RegisterFormView.swift in Sources */ = {isa = PBXBuildFile; fileRef = E581A611207540F7002ECECC /* RegisterFormView.swift */; };
		E581A614207542CA002ECECC /* RegisterViewController.swift in Sources */ = {isa = PBXBuildFile; fileRef = E581A613207542CA002ECECC /* RegisterViewController.swift */; };
		E581A61620755A1B002ECECC /* RegisterPresenter.swift in Sources */ = {isa = PBXBuildFile; fileRef = E581A61520755A1B002ECECC /* RegisterPresenter.swift */; };
		E581A61820755E4C002ECECC /* RegisterFormPresenter.swift in Sources */ = {isa = PBXBuildFile; fileRef = E581A61720755E4C002ECECC /* RegisterFormPresenter.swift */; };
		E581A61A20755EDE002ECECC /* RegisterViewController.xib in Resources */ = {isa = PBXBuildFile; fileRef = E581A61920755EDE002ECECC /* RegisterViewController.xib */; };
		E581A61C2075646A002ECECC /* RegisterFormView.xib in Resources */ = {isa = PBXBuildFile; fileRef = E581A61B2075646A002ECECC /* RegisterFormView.xib */; };
/* End PBXBuildFile section */

/* Begin PBXContainerItemProxy section */
		5D14CB3D20476F950076F8C3 /* PBXContainerItemProxy */ = {
			isa = PBXContainerItemProxy;
			containerPortal = 5D14CB1D20476F940076F8C3 /* Project object */;
			proxyType = 1;
			remoteGlobalIDString = 5D14CB2420476F940076F8C3;
			remoteInfo = Tindogs;
		};
/* End PBXContainerItemProxy section */

/* Begin PBXCopyFilesBuildPhase section */
		DF10BB54206EB35600852AAE /* Embed Frameworks */ = {
			isa = PBXCopyFilesBuildPhase;
			buildActionMask = 2147483647;
			dstPath = "";
			dstSubfolderSpec = 10;
			files = (
				DF10BB51206EB35600852AAE /* Kingfisher.framework in Embed Frameworks */,
				DF10BB4F206EB35600852AAE /* RxCocoa.framework in Embed Frameworks */,
				DF10BB53206EB35600852AAE /* RxSwift.framework in Embed Frameworks */,
			);
			name = "Embed Frameworks";
			runOnlyForDeploymentPostprocessing = 0;
		};
/* End PBXCopyFilesBuildPhase section */

/* Begin PBXFileReference section */
		5D14CB2520476F940076F8C3 /* Tindogs.app */ = {isa = PBXFileReference; explicitFileType = wrapper.application; includeInIndex = 0; path = Tindogs.app; sourceTree = BUILT_PRODUCTS_DIR; };
		5D14CB2820476F940076F8C3 /* AppDelegate.swift */ = {isa = PBXFileReference; lastKnownFileType = sourcecode.swift; path = AppDelegate.swift; sourceTree = "<group>"; };
		5D14CB2A20476F940076F8C3 /* ViewController.swift */ = {isa = PBXFileReference; lastKnownFileType = sourcecode.swift; path = ViewController.swift; sourceTree = "<group>"; };
		5D14CB2D20476F940076F8C3 /* Base */ = {isa = PBXFileReference; lastKnownFileType = file.storyboard; name = Base; path = Base.lproj/Main.storyboard; sourceTree = "<group>"; };
		5D14CB3020476F940076F8C3 /* Tindogs.xcdatamodel */ = {isa = PBXFileReference; lastKnownFileType = wrapper.xcdatamodel; path = Tindogs.xcdatamodel; sourceTree = "<group>"; };
		5D14CB3220476F940076F8C3 /* Assets.xcassets */ = {isa = PBXFileReference; lastKnownFileType = folder.assetcatalog; path = Assets.xcassets; sourceTree = "<group>"; };
		5D14CB3520476F940076F8C3 /* Base */ = {isa = PBXFileReference; lastKnownFileType = file.storyboard; name = Base; path = Base.lproj/LaunchScreen.storyboard; sourceTree = "<group>"; };
		5D14CB3720476F940076F8C3 /* Info.plist */ = {isa = PBXFileReference; lastKnownFileType = text.plist.xml; path = Info.plist; sourceTree = "<group>"; };
		5D14CB3C20476F950076F8C3 /* TindogsTests.xctest */ = {isa = PBXFileReference; explicitFileType = wrapper.cfbundle; includeInIndex = 0; path = TindogsTests.xctest; sourceTree = BUILT_PRODUCTS_DIR; };
		5D14CB4020476F950076F8C3 /* TindogsTests.swift */ = {isa = PBXFileReference; lastKnownFileType = sourcecode.swift; path = TindogsTests.swift; sourceTree = "<group>"; };
		5D14CB4220476F950076F8C3 /* Info.plist */ = {isa = PBXFileReference; lastKnownFileType = text.plist.xml; path = Info.plist; sourceTree = "<group>"; };
		DF002BA0206D764B003AD99D /* Endpoint.swift */ = {isa = PBXFileReference; lastKnownFileType = sourcecode.swift; path = Endpoint.swift; sourceTree = "<group>"; };
		DF10BB3C206EA30B00852AAE /* WebServiceAssembly.swift */ = {isa = PBXFileReference; lastKnownFileType = sourcecode.swift; path = WebServiceAssembly.swift; sourceTree = "<group>"; };
		DF10BB45206EB1F700852AAE /* RxCocoa.framework */ = {isa = PBXFileReference; lastKnownFileType = wrapper.framework; name = RxCocoa.framework; path = Carthage/Build/iOS/RxCocoa.framework; sourceTree = "<group>"; };
		DF45B0AC206E2BC200D36D4E /* WebServiceConfiguration.swift */ = {isa = PBXFileReference; lastKnownFileType = sourcecode.swift; path = WebServiceConfiguration.swift; sourceTree = "<group>"; };
		DF45B0AE206E2CBB00D36D4E /* WebService.swift */ = {isa = PBXFileReference; lastKnownFileType = sourcecode.swift; path = WebService.swift; sourceTree = "<group>"; };
		DF45B0B1206E3C7E00D36D4E /* RxSwift.framework */ = {isa = PBXFileReference; lastKnownFileType = wrapper.framework; name = RxSwift.framework; path = Carthage/Build/iOS/RxSwift.framework; sourceTree = "<group>"; };
		DF45B0B4206E3DC400D36D4E /* Kingfisher.framework */ = {isa = PBXFileReference; lastKnownFileType = wrapper.framework; name = Kingfisher.framework; path = Carthage/Build/iOS/Kingfisher.framework; sourceTree = "<group>"; };
		DF5A5703206AC865004485A8 /* LoginFormView.swift */ = {isa = PBXFileReference; lastKnownFileType = sourcecode.swift; path = LoginFormView.swift; sourceTree = "<group>"; };
		DF5A5704206AC865004485A8 /* LoginFormView.xib */ = {isa = PBXFileReference; lastKnownFileType = file.xib; path = LoginFormView.xib; sourceTree = "<group>"; };
		DF5A5707206AC875004485A8 /* LoginFormPresenter.swift */ = {isa = PBXFileReference; lastKnownFileType = sourcecode.swift; path = LoginFormPresenter.swift; sourceTree = "<group>"; };
		DF5A570C206AD199004485A8 /* NibLoadableView.swift */ = {isa = PBXFileReference; lastKnownFileType = sourcecode.swift; path = NibLoadableView.swift; sourceTree = "<group>"; };
		DF603100206F72550002711D /* User.swift */ = {isa = PBXFileReference; lastKnownFileType = sourcecode.swift; path = User.swift; sourceTree = "<group>"; };
		DF603102206F72660002711D /* Dog.swift */ = {isa = PBXFileReference; lastKnownFileType = sourcecode.swift; path = Dog.swift; sourceTree = "<group>"; };
		DF603105206F73B80002711D /* LoginRepository.swift */ = {isa = PBXFileReference; lastKnownFileType = sourcecode.swift; path = LoginRepository.swift; sourceTree = "<group>"; };
		DF9C283F206972DB00E95A0B /* AppAssembly.swift */ = {isa = PBXFileReference; lastKnownFileType = sourcecode.swift; path = AppAssembly.swift; sourceTree = "<group>"; };
		DF9C28422069733B00E95A0B /* CoreAssembly.swift */ = {isa = PBXFileReference; lastKnownFileType = sourcecode.swift; path = CoreAssembly.swift; sourceTree = "<group>"; };
		DF9C284520697FED00E95A0B /* LoginViewController.swift */ = {isa = PBXFileReference; lastKnownFileType = sourcecode.swift; path = LoginViewController.swift; sourceTree = "<group>"; };
		DF9C284620697FED00E95A0B /* LoginViewController.xib */ = {isa = PBXFileReference; lastKnownFileType = file.xib; path = LoginViewController.xib; sourceTree = "<group>"; };
		DF9C28492069853C00E95A0B /* LoginPresenter.swift */ = {isa = PBXFileReference; lastKnownFileType = sourcecode.swift; path = LoginPresenter.swift; sourceTree = "<group>"; };
		DF9C284D20698CCC00E95A0B /* LoginAssembly.swift */ = {isa = PBXFileReference; lastKnownFileType = sourcecode.swift; path = LoginAssembly.swift; sourceTree = "<group>"; };
		E581A60D20753C30002ECECC /* RegisterRepository.swift */ = {isa = PBXFileReference; lastKnownFileType = sourcecode.swift; path = RegisterRepository.swift; sourceTree = "<group>"; };
		E581A60F2075405A002ECECC /* RegisterAssembly.swift */ = {isa = PBXFileReference; lastKnownFileType = sourcecode.swift; path = RegisterAssembly.swift; sourceTree = "<group>"; };
		E581A611207540F7002ECECC /* RegisterFormView.swift */ = {isa = PBXFileReference; lastKnownFileType = sourcecode.swift; path = RegisterFormView.swift; sourceTree = "<group>"; };
		E581A613207542CA002ECECC /* RegisterViewController.swift */ = {isa = PBXFileReference; lastKnownFileType = sourcecode.swift; path = RegisterViewController.swift; sourceTree = "<group>"; };
		E581A61520755A1B002ECECC /* RegisterPresenter.swift */ = {isa = PBXFileReference; lastKnownFileType = sourcecode.swift; path = RegisterPresenter.swift; sourceTree = "<group>"; };
		E581A61720755E4C002ECECC /* RegisterFormPresenter.swift */ = {isa = PBXFileReference; lastKnownFileType = sourcecode.swift; path = RegisterFormPresenter.swift; sourceTree = "<group>"; };
		E581A61920755EDE002ECECC /* RegisterViewController.xib */ = {isa = PBXFileReference; lastKnownFileType = file.xib; path = RegisterViewController.xib; sourceTree = "<group>"; };
		E581A61B2075646A002ECECC /* RegisterFormView.xib */ = {isa = PBXFileReference; lastKnownFileType = file.xib; path = RegisterFormView.xib; sourceTree = "<group>"; };
/* End PBXFileReference section */

/* Begin PBXFrameworksBuildPhase section */
		5D14CB2220476F940076F8C3 /* Frameworks */ = {
			isa = PBXFrameworksBuildPhase;
			buildActionMask = 2147483647;
			files = (
				DF10BB50206EB35600852AAE /* Kingfisher.framework in Frameworks */,
				DF10BB4E206EB35600852AAE /* RxCocoa.framework in Frameworks */,
				DF10BB52206EB35600852AAE /* RxSwift.framework in Frameworks */,
			);
			runOnlyForDeploymentPostprocessing = 0;
		};
		5D14CB3920476F950076F8C3 /* Frameworks */ = {
			isa = PBXFrameworksBuildPhase;
			buildActionMask = 2147483647;
			files = (
			);
			runOnlyForDeploymentPostprocessing = 0;
		};
/* End PBXFrameworksBuildPhase section */

/* Begin PBXGroup section */
		5D14CB1C20476F940076F8C3 = {
			isa = PBXGroup;
			children = (
				5D14CB2720476F940076F8C3 /* Tindogs */,
				5D14CB3F20476F950076F8C3 /* TindogsTests */,
				5D14CB2620476F940076F8C3 /* Products */,
				DF45B0B0206E3C7E00D36D4E /* Frameworks */,
			);
			sourceTree = "<group>";
		};
		5D14CB2620476F940076F8C3 /* Products */ = {
			isa = PBXGroup;
			children = (
				5D14CB2520476F940076F8C3 /* Tindogs.app */,
				5D14CB3C20476F950076F8C3 /* TindogsTests.xctest */,
			);
			name = Products;
			sourceTree = "<group>";
		};
		5D14CB2720476F940076F8C3 /* Tindogs */ = {
			isa = PBXGroup;
			children = (
				DF6030FF206F72400002711D /* Model */,
				DF002B9F206D75BF003AD99D /* WebService */,
				DF5A5709206AD071004485A8 /* Common */,
				DF9C284420697FA000E95A0B /* Login */,
				E581A61D20758207002ECECC /* Register */,
				E581A613207542CA002ECECC /* RegisterViewController.swift */,
				E581A61920755EDE002ECECC /* RegisterViewController.xib */,
				E581A61520755A1B002ECECC /* RegisterPresenter.swift */,
				DF9C28412069731D00E95A0B /* DI */,
				5D14CB2820476F940076F8C3 /* AppDelegate.swift */,
				5D14CB2A20476F940076F8C3 /* ViewController.swift */,
				5D14CB2C20476F940076F8C3 /* Main.storyboard */,
				5D14CB3220476F940076F8C3 /* Assets.xcassets */,
				5D14CB3420476F940076F8C3 /* LaunchScreen.storyboard */,
				5D14CB3720476F940076F8C3 /* Info.plist */,
				5D14CB2F20476F940076F8C3 /* Tindogs.xcdatamodeld */,
				DF9C283F206972DB00E95A0B /* AppAssembly.swift */,
			);
			path = Tindogs;
			sourceTree = "<group>";
		};
		5D14CB3F20476F950076F8C3 /* TindogsTests */ = {
			isa = PBXGroup;
			children = (
				5D14CB4020476F950076F8C3 /* TindogsTests.swift */,
				5D14CB4220476F950076F8C3 /* Info.plist */,
			);
			path = TindogsTests;
			sourceTree = "<group>";
		};
		DF002B9F206D75BF003AD99D /* WebService */ = {
			isa = PBXGroup;
			children = (
				DF002BA0206D764B003AD99D /* Endpoint.swift */,
				DF45B0AC206E2BC200D36D4E /* WebServiceConfiguration.swift */,
				DF45B0AE206E2CBB00D36D4E /* WebService.swift */,
				DF10BB3C206EA30B00852AAE /* WebServiceAssembly.swift */,
			);
			path = WebService;
			sourceTree = "<group>";
		};
		DF45B0B0206E3C7E00D36D4E /* Frameworks */ = {
			isa = PBXGroup;
			children = (
				DF10BB45206EB1F700852AAE /* RxCocoa.framework */,
				DF45B0B4206E3DC400D36D4E /* Kingfisher.framework */,
				DF45B0B1206E3C7E00D36D4E /* RxSwift.framework */,
			);
			name = Frameworks;
			sourceTree = "<group>";
		};
		DF5A5709206AD071004485A8 /* Common */ = {
			isa = PBXGroup;
			children = (
				DF5A570C206AD199004485A8 /* NibLoadableView.swift */,
			);
			path = Common;
			sourceTree = "<group>";
		};
		DF6030FF206F72400002711D /* Model */ = {
			isa = PBXGroup;
			children = (
				DF603100206F72550002711D /* User.swift */,
				DF603102206F72660002711D /* Dog.swift */,
			);
			path = Model;
			sourceTree = "<group>";
		};
		DF603104206F73840002711D /* Repositories */ = {
			isa = PBXGroup;
			children = (
				DF603105206F73B80002711D /* LoginRepository.swift */,
			);
			path = Repositories;
			sourceTree = "<group>";
		};
		DF9C28412069731D00E95A0B /* DI */ = {
			isa = PBXGroup;
			children = (
				DF9C28422069733B00E95A0B /* CoreAssembly.swift */,
			);
			path = DI;
			sourceTree = "<group>";
		};
		DF9C284420697FA000E95A0B /* Login */ = {
			isa = PBXGroup;
			children = (
				DF603104206F73840002711D /* Repositories */,
				DF9C284C20698CB900E95A0B /* DI */,
				DF9C284B20698CA300E95A0B /* Presentation */,
			);
			path = Login;
			sourceTree = "<group>";
		};
		DF9C284B20698CA300E95A0B /* Presentation */ = {
			isa = PBXGroup;
			children = (
				E54A825A2072B3BF00E2CE05 /* LoginForm */,
				DF9C284520697FED00E95A0B /* LoginViewController.swift */,
				DF9C284620697FED00E95A0B /* LoginViewController.xib */,
				DF9C28492069853C00E95A0B /* LoginPresenter.swift */,
			);
			path = Presentation;
			sourceTree = "<group>";
		};
		DF9C284C20698CB900E95A0B /* DI */ = {
			isa = PBXGroup;
			children = (
				DF9C284D20698CCC00E95A0B /* LoginAssembly.swift */,
			);
			path = DI;
			sourceTree = "<group>";
		};
		E54A825A2072B3BF00E2CE05 /* LoginForm */ = {
			isa = PBXGroup;
			children = (
				DF5A5703206AC865004485A8 /* LoginFormView.swift */,
				DF5A5704206AC865004485A8 /* LoginFormView.xib */,
				DF5A5707206AC875004485A8 /* LoginFormPresenter.swift */,
			);
			path = LoginForm;
			sourceTree = "<group>";
		};
		E581A60C20753BF6002ECECC /* RegisterForm */ = {
			isa = PBXGroup;
			children = (
				E581A611207540F7002ECECC /* RegisterFormView.swift */,
				E581A61B2075646A002ECECC /* RegisterFormView.xib */,
				E581A61720755E4C002ECECC /* RegisterFormPresenter.swift */,
			);
			path = RegisterForm;
			sourceTree = "<group>";
		};
		E581A61D20758207002ECECC /* Register */ = {
			isa = PBXGroup;
			children = (
				E581A61E20758227002ECECC /* Repositories */,
				E581A61F20758238002ECECC /* DI */,
				E581A6202075824E002ECECC /* Presentation */,
			);
			path = Register;
			sourceTree = "<group>";
		};
		E581A61E20758227002ECECC /* Repositories */ = {
			isa = PBXGroup;
			children = (
				E581A60D20753C30002ECECC /* RegisterRepository.swift */,
			);
			path = Repositories;
			sourceTree = "<group>";
		};
		E581A61F20758238002ECECC /* DI */ = {
			isa = PBXGroup;
			children = (
				E581A60F2075405A002ECECC /* RegisterAssembly.swift */,
			);
			path = DI;
			sourceTree = "<group>";
		};
		E581A6202075824E002ECECC /* Presentation */ = {
			isa = PBXGroup;
			children = (
				E581A60C20753BF6002ECECC /* RegisterForm */,
			);
			path = Presentation;
			sourceTree = "<group>";
		};
/* End PBXGroup section */

/* Begin PBXNativeTarget section */
		5D14CB2420476F940076F8C3 /* Tindogs */ = {
			isa = PBXNativeTarget;
			buildConfigurationList = 5D14CB4520476F950076F8C3 /* Build configuration list for PBXNativeTarget "Tindogs" */;
			buildPhases = (
				5D14CB2120476F940076F8C3 /* Sources */,
				5D14CB2220476F940076F8C3 /* Frameworks */,
				5D14CB2320476F940076F8C3 /* Resources */,
				DF10BB54206EB35600852AAE /* Embed Frameworks */,
			);
			buildRules = (
			);
			dependencies = (
			);
			name = Tindogs;
			productName = Tindogs;
			productReference = 5D14CB2520476F940076F8C3 /* Tindogs.app */;
			productType = "com.apple.product-type.application";
		};
		5D14CB3B20476F950076F8C3 /* TindogsTests */ = {
			isa = PBXNativeTarget;
			buildConfigurationList = 5D14CB4820476F950076F8C3 /* Build configuration list for PBXNativeTarget "TindogsTests" */;
			buildPhases = (
				5D14CB3820476F950076F8C3 /* Sources */,
				5D14CB3920476F950076F8C3 /* Frameworks */,
				5D14CB3A20476F950076F8C3 /* Resources */,
			);
			buildRules = (
			);
			dependencies = (
				5D14CB3E20476F950076F8C3 /* PBXTargetDependency */,
			);
			name = TindogsTests;
			productName = TindogsTests;
			productReference = 5D14CB3C20476F950076F8C3 /* TindogsTests.xctest */;
			productType = "com.apple.product-type.bundle.unit-test";
		};
/* End PBXNativeTarget section */

/* Begin PBXProject section */
		5D14CB1D20476F940076F8C3 /* Project object */ = {
			isa = PBXProject;
			attributes = {
				LastSwiftUpdateCheck = 0920;
				LastUpgradeCheck = 0930;
				ORGANIZATIONNAME = Appvengers;
				TargetAttributes = {
					5D14CB2420476F940076F8C3 = {
						CreatedOnToolsVersion = 9.2;
						ProvisioningStyle = Automatic;
					};
					5D14CB3B20476F950076F8C3 = {
						CreatedOnToolsVersion = 9.2;
						ProvisioningStyle = Automatic;
						TestTargetID = 5D14CB2420476F940076F8C3;
					};
				};
			};
			buildConfigurationList = 5D14CB2020476F940076F8C3 /* Build configuration list for PBXProject "Tindogs" */;
			compatibilityVersion = "Xcode 8.0";
			developmentRegion = en;
			hasScannedForEncodings = 0;
			knownRegions = (
				en,
				Base,
			);
			mainGroup = 5D14CB1C20476F940076F8C3;
			productRefGroup = 5D14CB2620476F940076F8C3 /* Products */;
			projectDirPath = "";
			projectRoot = "";
			targets = (
				5D14CB2420476F940076F8C3 /* Tindogs */,
				5D14CB3B20476F950076F8C3 /* TindogsTests */,
			);
		};
/* End PBXProject section */

/* Begin PBXResourcesBuildPhase section */
		5D14CB2320476F940076F8C3 /* Resources */ = {
			isa = PBXResourcesBuildPhase;
			buildActionMask = 2147483647;
			files = (
				DF9C284820697FED00E95A0B /* LoginViewController.xib in Resources */,
				E581A61C2075646A002ECECC /* RegisterFormView.xib in Resources */,
				DF5A5706206AC865004485A8 /* LoginFormView.xib in Resources */,
				5D14CB3620476F940076F8C3 /* LaunchScreen.storyboard in Resources */,
				5D14CB3320476F940076F8C3 /* Assets.xcassets in Resources */,
				5D14CB2E20476F940076F8C3 /* Main.storyboard in Resources */,
				E581A61A20755EDE002ECECC /* RegisterViewController.xib in Resources */,
			);
			runOnlyForDeploymentPostprocessing = 0;
		};
		5D14CB3A20476F950076F8C3 /* Resources */ = {
			isa = PBXResourcesBuildPhase;
			buildActionMask = 2147483647;
			files = (
			);
			runOnlyForDeploymentPostprocessing = 0;
		};
/* End PBXResourcesBuildPhase section */

/* Begin PBXSourcesBuildPhase section */
		5D14CB2120476F940076F8C3 /* Sources */ = {
			isa = PBXSourcesBuildPhase;
			buildActionMask = 2147483647;
			files = (
				DF5A5708206AC875004485A8 /* LoginFormPresenter.swift in Sources */,
				E581A614207542CA002ECECC /* RegisterViewController.swift in Sources */,
				DF002BA1206D764B003AD99D /* Endpoint.swift in Sources */,
				DF45B0AF206E2CBB00D36D4E /* WebService.swift in Sources */,
				DF9C284720697FED00E95A0B /* LoginViewController.swift in Sources */,
				DF603101206F72550002711D /* User.swift in Sources */,
				E581A612207540F7002ECECC /* RegisterFormView.swift in Sources */,
				DF10BB3D206EA30B00852AAE /* WebServiceAssembly.swift in Sources */,
				5D14CB3120476F940076F8C3 /* Tindogs.xcdatamodeld in Sources */,
				DF9C284A2069853C00E95A0B /* LoginPresenter.swift in Sources */,
				DF9C2840206972DB00E95A0B /* AppAssembly.swift in Sources */,
				E581A60E20753C30002ECECC /* RegisterRepository.swift in Sources */,
				DF603103206F72660002711D /* Dog.swift in Sources */,
				DF5A570D206AD199004485A8 /* NibLoadableView.swift in Sources */,
				5D14CB2B20476F940076F8C3 /* ViewController.swift in Sources */,
				DF5A5705206AC865004485A8 /* LoginFormView.swift in Sources */,
				E581A6102075405A002ECECC /* RegisterAssembly.swift in Sources */,
				E581A61620755A1B002ECECC /* RegisterPresenter.swift in Sources */,
				DF9C28432069733B00E95A0B /* CoreAssembly.swift in Sources */,
				5D14CB2920476F940076F8C3 /* AppDelegate.swift in Sources */,
				DF45B0AD206E2BC200D36D4E /* WebServiceConfiguration.swift in Sources */,
				DF9C284E20698CCC00E95A0B /* LoginAssembly.swift in Sources */,
				DF603106206F73B80002711D /* LoginRepository.swift in Sources */,
				E581A61820755E4C002ECECC /* RegisterFormPresenter.swift in Sources */,
			);
			runOnlyForDeploymentPostprocessing = 0;
		};
		5D14CB3820476F950076F8C3 /* Sources */ = {
			isa = PBXSourcesBuildPhase;
			buildActionMask = 2147483647;
			files = (
				5D14CB4120476F950076F8C3 /* TindogsTests.swift in Sources */,
			);
			runOnlyForDeploymentPostprocessing = 0;
		};
/* End PBXSourcesBuildPhase section */

/* Begin PBXTargetDependency section */
		5D14CB3E20476F950076F8C3 /* PBXTargetDependency */ = {
			isa = PBXTargetDependency;
			target = 5D14CB2420476F940076F8C3 /* Tindogs */;
			targetProxy = 5D14CB3D20476F950076F8C3 /* PBXContainerItemProxy */;
		};
/* End PBXTargetDependency section */

/* Begin PBXVariantGroup section */
		5D14CB2C20476F940076F8C3 /* Main.storyboard */ = {
			isa = PBXVariantGroup;
			children = (
				5D14CB2D20476F940076F8C3 /* Base */,
			);
			name = Main.storyboard;
			sourceTree = "<group>";
		};
		5D14CB3420476F940076F8C3 /* LaunchScreen.storyboard */ = {
			isa = PBXVariantGroup;
			children = (
				5D14CB3520476F940076F8C3 /* Base */,
			);
			name = LaunchScreen.storyboard;
			sourceTree = "<group>";
		};
/* End PBXVariantGroup section */

/* Begin XCBuildConfiguration section */
		5D14CB4320476F950076F8C3 /* Debug */ = {
			isa = XCBuildConfiguration;
			buildSettings = {
				ALWAYS_SEARCH_USER_PATHS = NO;
				CLANG_ANALYZER_NONNULL = YES;
				CLANG_ANALYZER_NUMBER_OBJECT_CONVERSION = YES_AGGRESSIVE;
				CLANG_CXX_LANGUAGE_STANDARD = "gnu++14";
				CLANG_CXX_LIBRARY = "libc++";
				CLANG_ENABLE_MODULES = YES;
				CLANG_ENABLE_OBJC_ARC = YES;
				CLANG_WARN_BLOCK_CAPTURE_AUTORELEASING = YES;
				CLANG_WARN_BOOL_CONVERSION = YES;
				CLANG_WARN_COMMA = YES;
				CLANG_WARN_CONSTANT_CONVERSION = YES;
				CLANG_WARN_DEPRECATED_OBJC_IMPLEMENTATIONS = YES;
				CLANG_WARN_DIRECT_OBJC_ISA_USAGE = YES_ERROR;
				CLANG_WARN_DOCUMENTATION_COMMENTS = YES;
				CLANG_WARN_EMPTY_BODY = YES;
				CLANG_WARN_ENUM_CONVERSION = YES;
				CLANG_WARN_INFINITE_RECURSION = YES;
				CLANG_WARN_INT_CONVERSION = YES;
				CLANG_WARN_NON_LITERAL_NULL_CONVERSION = YES;
				CLANG_WARN_OBJC_IMPLICIT_RETAIN_SELF = YES;
				CLANG_WARN_OBJC_LITERAL_CONVERSION = YES;
				CLANG_WARN_OBJC_ROOT_CLASS = YES_ERROR;
				CLANG_WARN_RANGE_LOOP_ANALYSIS = YES;
				CLANG_WARN_STRICT_PROTOTYPES = YES;
				CLANG_WARN_SUSPICIOUS_MOVE = YES;
				CLANG_WARN_UNGUARDED_AVAILABILITY = YES_AGGRESSIVE;
				CLANG_WARN_UNREACHABLE_CODE = YES;
				CLANG_WARN__DUPLICATE_METHOD_MATCH = YES;
				CODE_SIGN_IDENTITY = "iPhone Developer";
				COPY_PHASE_STRIP = NO;
				DEBUG_INFORMATION_FORMAT = dwarf;
				ENABLE_STRICT_OBJC_MSGSEND = YES;
				ENABLE_TESTABILITY = YES;
				GCC_C_LANGUAGE_STANDARD = gnu11;
				GCC_DYNAMIC_NO_PIC = NO;
				GCC_NO_COMMON_BLOCKS = YES;
				GCC_OPTIMIZATION_LEVEL = 0;
				GCC_PREPROCESSOR_DEFINITIONS = (
					"DEBUG=1",
					"$(inherited)",
				);
				GCC_WARN_64_TO_32_BIT_CONVERSION = YES;
				GCC_WARN_ABOUT_RETURN_TYPE = YES_ERROR;
				GCC_WARN_UNDECLARED_SELECTOR = YES;
				GCC_WARN_UNINITIALIZED_AUTOS = YES_AGGRESSIVE;
				GCC_WARN_UNUSED_FUNCTION = YES;
				GCC_WARN_UNUSED_VARIABLE = YES;
				IPHONEOS_DEPLOYMENT_TARGET = 11.2;
				MTL_ENABLE_DEBUG_INFO = YES;
				ONLY_ACTIVE_ARCH = YES;
				SDKROOT = iphoneos;
				SWIFT_ACTIVE_COMPILATION_CONDITIONS = DEBUG;
				SWIFT_OPTIMIZATION_LEVEL = "-Onone";
			};
			name = Debug;
		};
		5D14CB4420476F950076F8C3 /* Release */ = {
			isa = XCBuildConfiguration;
			buildSettings = {
				ALWAYS_SEARCH_USER_PATHS = NO;
				CLANG_ANALYZER_NONNULL = YES;
				CLANG_ANALYZER_NUMBER_OBJECT_CONVERSION = YES_AGGRESSIVE;
				CLANG_CXX_LANGUAGE_STANDARD = "gnu++14";
				CLANG_CXX_LIBRARY = "libc++";
				CLANG_ENABLE_MODULES = YES;
				CLANG_ENABLE_OBJC_ARC = YES;
				CLANG_WARN_BLOCK_CAPTURE_AUTORELEASING = YES;
				CLANG_WARN_BOOL_CONVERSION = YES;
				CLANG_WARN_COMMA = YES;
				CLANG_WARN_CONSTANT_CONVERSION = YES;
				CLANG_WARN_DEPRECATED_OBJC_IMPLEMENTATIONS = YES;
				CLANG_WARN_DIRECT_OBJC_ISA_USAGE = YES_ERROR;
				CLANG_WARN_DOCUMENTATION_COMMENTS = YES;
				CLANG_WARN_EMPTY_BODY = YES;
				CLANG_WARN_ENUM_CONVERSION = YES;
				CLANG_WARN_INFINITE_RECURSION = YES;
				CLANG_WARN_INT_CONVERSION = YES;
				CLANG_WARN_NON_LITERAL_NULL_CONVERSION = YES;
				CLANG_WARN_OBJC_IMPLICIT_RETAIN_SELF = YES;
				CLANG_WARN_OBJC_LITERAL_CONVERSION = YES;
				CLANG_WARN_OBJC_ROOT_CLASS = YES_ERROR;
				CLANG_WARN_RANGE_LOOP_ANALYSIS = YES;
				CLANG_WARN_STRICT_PROTOTYPES = YES;
				CLANG_WARN_SUSPICIOUS_MOVE = YES;
				CLANG_WARN_UNGUARDED_AVAILABILITY = YES_AGGRESSIVE;
				CLANG_WARN_UNREACHABLE_CODE = YES;
				CLANG_WARN__DUPLICATE_METHOD_MATCH = YES;
				CODE_SIGN_IDENTITY = "iPhone Developer";
				COPY_PHASE_STRIP = NO;
				DEBUG_INFORMATION_FORMAT = "dwarf-with-dsym";
				ENABLE_NS_ASSERTIONS = NO;
				ENABLE_STRICT_OBJC_MSGSEND = YES;
				GCC_C_LANGUAGE_STANDARD = gnu11;
				GCC_NO_COMMON_BLOCKS = YES;
				GCC_WARN_64_TO_32_BIT_CONVERSION = YES;
				GCC_WARN_ABOUT_RETURN_TYPE = YES_ERROR;
				GCC_WARN_UNDECLARED_SELECTOR = YES;
				GCC_WARN_UNINITIALIZED_AUTOS = YES_AGGRESSIVE;
				GCC_WARN_UNUSED_FUNCTION = YES;
				GCC_WARN_UNUSED_VARIABLE = YES;
				IPHONEOS_DEPLOYMENT_TARGET = 11.2;
				MTL_ENABLE_DEBUG_INFO = NO;
				SDKROOT = iphoneos;
				SWIFT_OPTIMIZATION_LEVEL = "-Owholemodule";
				VALIDATE_PRODUCT = YES;
			};
			name = Release;
		};
		5D14CB4620476F950076F8C3 /* Debug */ = {
			isa = XCBuildConfiguration;
			buildSettings = {
				ASSETCATALOG_COMPILER_APPICON_NAME = AppIcon;
				CODE_SIGN_STYLE = Automatic;
				DEVELOPMENT_TEAM = 7V48MNE2R2;
				FRAMEWORK_SEARCH_PATHS = (
					"$(inherited)",
					"$(PROJECT_DIR)/Carthage/Build/iOS",
				);
				INFOPLIST_FILE = Tindogs/Info.plist;
				IPHONEOS_DEPLOYMENT_TARGET = 11.2;
				LD_RUNPATH_SEARCH_PATHS = "$(inherited) @executable_path/Frameworks";
				PRODUCT_BUNDLE_IDENTIFIER = com.appvengers.Tindogs;
				PRODUCT_NAME = "$(TARGET_NAME)";
				SWIFT_VERSION = 4.0;
				TARGETED_DEVICE_FAMILY = "1,2";
			};
			name = Debug;
		};
		5D14CB4720476F950076F8C3 /* Release */ = {
			isa = XCBuildConfiguration;
			buildSettings = {
				ASSETCATALOG_COMPILER_APPICON_NAME = AppIcon;
				CODE_SIGN_STYLE = Automatic;
				DEVELOPMENT_TEAM = 7V48MNE2R2;
				FRAMEWORK_SEARCH_PATHS = (
					"$(inherited)",
					"$(PROJECT_DIR)/Carthage/Build/iOS",
				);
				INFOPLIST_FILE = Tindogs/Info.plist;
				IPHONEOS_DEPLOYMENT_TARGET = 11.2;
				LD_RUNPATH_SEARCH_PATHS = "$(inherited) @executable_path/Frameworks";
				PRODUCT_BUNDLE_IDENTIFIER = com.appvengers.Tindogs;
				PRODUCT_NAME = "$(TARGET_NAME)";
				SWIFT_VERSION = 4.0;
				TARGETED_DEVICE_FAMILY = "1,2";
			};
			name = Release;
		};
		5D14CB4920476F950076F8C3 /* Debug */ = {
			isa = XCBuildConfiguration;
			buildSettings = {
				ALWAYS_EMBED_SWIFT_STANDARD_LIBRARIES = YES;
				BUNDLE_LOADER = "$(TEST_HOST)";
				CODE_SIGN_STYLE = Automatic;
				DEVELOPMENT_TEAM = 7V48MNE2R2;
				INFOPLIST_FILE = TindogsTests/Info.plist;
				LD_RUNPATH_SEARCH_PATHS = "$(inherited) @executable_path/Frameworks @loader_path/Frameworks";
				PRODUCT_BUNDLE_IDENTIFIER = com.appvengers.TindogsTests;
				PRODUCT_NAME = "$(TARGET_NAME)";
				SWIFT_VERSION = 4.0;
				TARGETED_DEVICE_FAMILY = "1,2";
				TEST_HOST = "$(BUILT_PRODUCTS_DIR)/Tindogs.app/Tindogs";
			};
			name = Debug;
		};
		5D14CB4A20476F950076F8C3 /* Release */ = {
			isa = XCBuildConfiguration;
			buildSettings = {
				ALWAYS_EMBED_SWIFT_STANDARD_LIBRARIES = YES;
				BUNDLE_LOADER = "$(TEST_HOST)";
				CODE_SIGN_STYLE = Automatic;
				DEVELOPMENT_TEAM = 7V48MNE2R2;
				INFOPLIST_FILE = TindogsTests/Info.plist;
				LD_RUNPATH_SEARCH_PATHS = "$(inherited) @executable_path/Frameworks @loader_path/Frameworks";
				PRODUCT_BUNDLE_IDENTIFIER = com.appvengers.TindogsTests;
				PRODUCT_NAME = "$(TARGET_NAME)";
				SWIFT_VERSION = 4.0;
				TARGETED_DEVICE_FAMILY = "1,2";
				TEST_HOST = "$(BUILT_PRODUCTS_DIR)/Tindogs.app/Tindogs";
			};
			name = Release;
		};
/* End XCBuildConfiguration section */

/* Begin XCConfigurationList section */
		5D14CB2020476F940076F8C3 /* Build configuration list for PBXProject "Tindogs" */ = {
			isa = XCConfigurationList;
			buildConfigurations = (
				5D14CB4320476F950076F8C3 /* Debug */,
				5D14CB4420476F950076F8C3 /* Release */,
			);
			defaultConfigurationIsVisible = 0;
			defaultConfigurationName = Release;
		};
		5D14CB4520476F950076F8C3 /* Build configuration list for PBXNativeTarget "Tindogs" */ = {
			isa = XCConfigurationList;
			buildConfigurations = (
				5D14CB4620476F950076F8C3 /* Debug */,
				5D14CB4720476F950076F8C3 /* Release */,
			);
			defaultConfigurationIsVisible = 0;
			defaultConfigurationName = Release;
		};
		5D14CB4820476F950076F8C3 /* Build configuration list for PBXNativeTarget "TindogsTests" */ = {
			isa = XCConfigurationList;
			buildConfigurations = (
				5D14CB4920476F950076F8C3 /* Debug */,
				5D14CB4A20476F950076F8C3 /* Release */,
			);
			defaultConfigurationIsVisible = 0;
			defaultConfigurationName = Release;
		};
/* End XCConfigurationList section */

/* Begin XCVersionGroup section */
		5D14CB2F20476F940076F8C3 /* Tindogs.xcdatamodeld */ = {
			isa = XCVersionGroup;
			children = (
				5D14CB3020476F940076F8C3 /* Tindogs.xcdatamodel */,
			);
			currentVersion = 5D14CB3020476F940076F8C3 /* Tindogs.xcdatamodel */;
			path = Tindogs.xcdatamodeld;
			sourceTree = "<group>";
			versionGroupType = wrapper.xcdatamodel;
		};
/* End XCVersionGroup section */
	};
	rootObject = 5D14CB1D20476F940076F8C3 /* Project object */;
}
