// !$*UTF8*$!
{
	archiveVersion = 1;
	classes = {
	};
	objectVersion = 48;
	objects = {

/* Begin PBXBuildFile section */
		5D14CB2920476F940076F8C3 /* AppDelegate.swift in Sources */ = {isa = PBXBuildFile; fileRef = 5D14CB2820476F940076F8C3 /* AppDelegate.swift */; };
		5D14CB2E20476F940076F8C3 /* Main.storyboard in Resources */ = {isa = PBXBuildFile; fileRef = 5D14CB2C20476F940076F8C3 /* Main.storyboard */; };
		5D14CB3120476F940076F8C3 /* Tindogs.xcdatamodeld in Sources */ = {isa = PBXBuildFile; fileRef = 5D14CB2F20476F940076F8C3 /* Tindogs.xcdatamodeld */; };
		5D14CB3320476F940076F8C3 /* Assets.xcassets in Resources */ = {isa = PBXBuildFile; fileRef = 5D14CB3220476F940076F8C3 /* Assets.xcassets */; };
		5D14CB3620476F940076F8C3 /* LaunchScreen.storyboard in Resources */ = {isa = PBXBuildFile; fileRef = 5D14CB3420476F940076F8C3 /* LaunchScreen.storyboard */; };
		5D14CB4120476F950076F8C3 /* UserTests.swift in Sources */ = {isa = PBXBuildFile; fileRef = 5D14CB4020476F950076F8C3 /* UserTests.swift */; };
		771EEA0B6BC644A67D0347D0 /* Pods_Tindogs.framework in Frameworks */ = {isa = PBXBuildFile; fileRef = B4DE4725202055AFAE2C069C /* Pods_Tindogs.framework */; };
		DF0924DC20838DC700F766B8 /* DogDecodable.swift in Sources */ = {isa = PBXBuildFile; fileRef = DF0924DB20838DC700F766B8 /* DogDecodable.swift */; };
		DF0924DE20838E1900F766B8 /* UserDecodable.swift in Sources */ = {isa = PBXBuildFile; fileRef = DF0924DD20838E1900F766B8 /* UserDecodable.swift */; };
		DF0924E02083998600F766B8 /* MatchDogsLikeInteractor.swift in Sources */ = {isa = PBXBuildFile; fileRef = DF0924DF2083998600F766B8 /* MatchDogsLikeInteractor.swift */; };
		DF0924E2208399BD00F766B8 /* MatchDogsLikeInteractorImpl.swift in Sources */ = {isa = PBXBuildFile; fileRef = DF0924E1208399BD00F766B8 /* MatchDogsLikeInteractorImpl.swift */; };
		DF0DADDC208FBD720044E65F /* ShowMatchesViewController.swift in Sources */ = {isa = PBXBuildFile; fileRef = DF0DADDB208FBD720044E65F /* ShowMatchesViewController.swift */; };
		DF0DADDF208FBF3D0044E65F /* ShowMatchesInteractor.swift in Sources */ = {isa = PBXBuildFile; fileRef = DF0DADDE208FBF3D0044E65F /* ShowMatchesInteractor.swift */; };
		DF0DADE1208FBFC30044E65F /* ShowMatchesInteractorImpl.swift in Sources */ = {isa = PBXBuildFile; fileRef = DF0DADE0208FBFC30044E65F /* ShowMatchesInteractorImpl.swift */; };
		DF0DADE3208FC0330044E65F /* ShowMatchesRequest.swift in Sources */ = {isa = PBXBuildFile; fileRef = DF0DADE2208FC0330044E65F /* ShowMatchesRequest.swift */; };
		DF0DADE5208FC2D90044E65F /* MatchesDecodable.swift in Sources */ = {isa = PBXBuildFile; fileRef = DF0DADE4208FC2D90044E65F /* MatchesDecodable.swift */; };
		DF13A332208C7404000F9103 /* LikeFromOtherDecodable.swift in Sources */ = {isa = PBXBuildFile; fileRef = DF13A331208C7404000F9103 /* LikeFromOtherDecodable.swift */; };
		DF5953A420834BBB001F1BB7 /* MatchViewController.swift in Sources */ = {isa = PBXBuildFile; fileRef = DF5953A320834BBB001F1BB7 /* MatchViewController.swift */; };
		DF5953A6208353EA001F1BB7 /* MatchDogsRequest.swift in Sources */ = {isa = PBXBuildFile; fileRef = DF5953A5208353EA001F1BB7 /* MatchDogsRequest.swift */; };
		DF5953A920835BC1001F1BB7 /* MatchDogsInteractor.swift in Sources */ = {isa = PBXBuildFile; fileRef = DF5953A820835BC1001F1BB7 /* MatchDogsInteractor.swift */; };
		DF5953AB20835C5B001F1BB7 /* MatchDogsInteractorImp.swift in Sources */ = {isa = PBXBuildFile; fileRef = DF5953AA20835C5B001F1BB7 /* MatchDogsInteractorImp.swift */; };
		DF5953AD20835DEC001F1BB7 /* MatchDogsInteractorFakeImpl.swift in Sources */ = {isa = PBXBuildFile; fileRef = DF5953AC20835DEC001F1BB7 /* MatchDogsInteractorFakeImpl.swift */; };
		E5120BD1207CE708009EF7A8 /* RegisterViewController+imagePicker.swift in Sources */ = {isa = PBXBuildFile; fileRef = E5120BD0207CE708009EF7A8 /* RegisterViewController+imagePicker.swift */; };
		E51D396B208EAC6D00FF246B /* UpdateDogRequest.swift in Sources */ = {isa = PBXBuildFile; fileRef = E51D396A208EAC6D00FF246B /* UpdateDogRequest.swift */; };
		E51D396D208EB3D700FF246B /* UpdateDogJSONParser.swift in Sources */ = {isa = PBXBuildFile; fileRef = E51D396C208EB3D700FF246B /* UpdateDogJSONParser.swift */; };
		E533022B207EA2CD00B05A58 /* UploadImageInteractor.swift in Sources */ = {isa = PBXBuildFile; fileRef = E533022A207EA2CD00B05A58 /* UploadImageInteractor.swift */; };
		E533022E207EA3AB00B05A58 /* UploadImageInteractorImpl.swift in Sources */ = {isa = PBXBuildFile; fileRef = E533022D207EA3AB00B05A58 /* UploadImageInteractorImpl.swift */; };
		E5330233208163E000B05A58 /* LoginUserInteractor.swift in Sources */ = {isa = PBXBuildFile; fileRef = E5330232208163E000B05A58 /* LoginUserInteractor.swift */; };
		E53302352082670D00B05A58 /* LoginUserInteractorImpl.swift in Sources */ = {isa = PBXBuildFile; fileRef = E53302342082670D00B05A58 /* LoginUserInteractorImpl.swift */; };
		E53302372082680700B05A58 /* LoginUserRequest.swift in Sources */ = {isa = PBXBuildFile; fileRef = E53302362082680700B05A58 /* LoginUserRequest.swift */; };
		E53302392082706900B05A58 /* LoginUserJSONParser.swift in Sources */ = {isa = PBXBuildFile; fileRef = E53302382082706900B05A58 /* LoginUserJSONParser.swift */; };
		E533023E2082A14F00B05A58 /* WriteNSUserDefaults.swift in Sources */ = {isa = PBXBuildFile; fileRef = E533023D2082A14F00B05A58 /* WriteNSUserDefaults.swift */; };
		E53302402082ADD100B05A58 /* ReadNSUserDefaults.swift in Sources */ = {isa = PBXBuildFile; fileRef = E533023F2082ADD100B05A58 /* ReadNSUserDefaults.swift */; };
		E533024220839FC200B05A58 /* DeleteNSUserDefaults.swift in Sources */ = {isa = PBXBuildFile; fileRef = E533024120839FC200B05A58 /* DeleteNSUserDefaults.swift */; };
		E53302442083EAEB00B05A58 /* UserProfileViewController+CollectionView.swift in Sources */ = {isa = PBXBuildFile; fileRef = E53302432083EAEB00B05A58 /* UserProfileViewController+CollectionView.swift */; };
		E533024B20841BED00B05A58 /* DogCell.swift in Sources */ = {isa = PBXBuildFile; fileRef = E533024A20841BED00B05A58 /* DogCell.swift */; };
		E53421B320880835004BD366 /* GetUserInteractor.swift in Sources */ = {isa = PBXBuildFile; fileRef = E53421B220880835004BD366 /* GetUserInteractor.swift */; };
		E53421B5208808C0004BD366 /* GetUserInteractorImpl.swift in Sources */ = {isa = PBXBuildFile; fileRef = E53421B4208808C0004BD366 /* GetUserInteractorImpl.swift */; };
		E53421B7208809A4004BD366 /* GetUserRequest.swift in Sources */ = {isa = PBXBuildFile; fileRef = E53421B6208809A4004BD366 /* GetUserRequest.swift */; };
		E53421B920880BB7004BD366 /* GetUserJSONParser.swift in Sources */ = {isa = PBXBuildFile; fileRef = E53421B820880BB7004BD366 /* GetUserJSONParser.swift */; };
		E5451C20206586450006D23E /* User.swift in Sources */ = {isa = PBXBuildFile; fileRef = E5451C1F206586450006D23E /* User.swift */; };
		E5451C222065977A0006D23E /* Dog.swift in Sources */ = {isa = PBXBuildFile; fileRef = E5451C212065977A0006D23E /* Dog.swift */; };
		E5451C242066FA6E0006D23E /* DogTests.swift in Sources */ = {isa = PBXBuildFile; fileRef = E5451C232066FA6E0006D23E /* DogTests.swift */; };
		E5451C27206952F80006D23E /* LogInViewController.swift in Sources */ = {isa = PBXBuildFile; fileRef = E5451C26206952F80006D23E /* LogInViewController.swift */; };
		E5451C2B206958220006D23E /* RegisterViewController.swift in Sources */ = {isa = PBXBuildFile; fileRef = E5451C2A206958220006D23E /* RegisterViewController.swift */; };
		E5451C2D20696C730006D23E /* UserProfileViewController.swift in Sources */ = {isa = PBXBuildFile; fileRef = E5451C2C20696C730006D23E /* UserProfileViewController.swift */; };
		E5751850206A938400FAE728 /* RegisterUserInteractor.swift in Sources */ = {isa = PBXBuildFile; fileRef = E575184F206A938400FAE728 /* RegisterUserInteractor.swift */; };
		E5751853206C431A00FAE728 /* Url+Endpoints+Constants.swift in Sources */ = {isa = PBXBuildFile; fileRef = E5751852206C431A00FAE728 /* Url+Endpoints+Constants.swift */; };
		E5751855206D724300FAE728 /* RegisterUserInteractorFakeImpl.swift in Sources */ = {isa = PBXBuildFile; fileRef = E5751854206D724300FAE728 /* RegisterUserInteractorFakeImpl.swift */; };
		E5751858206D729D00FAE728 /* Typealias.swift in Sources */ = {isa = PBXBuildFile; fileRef = E5751857206D729D00FAE728 /* Typealias.swift */; };
		E575185A206E7C2E00FAE728 /* RegisterUserInteractorImpl.swift in Sources */ = {isa = PBXBuildFile; fileRef = E5751859206E7C2D00FAE728 /* RegisterUserInteractorImpl.swift */; };
		E575185D206EBB1600FAE728 /* RegisterUserJSONParser.swift in Sources */ = {isa = PBXBuildFile; fileRef = E575185C206EBB1600FAE728 /* RegisterUserJSONParser.swift */; };
		E5751863206FB95100FAE728 /* String+Image.swift in Sources */ = {isa = PBXBuildFile; fileRef = E5751862206FB95100FAE728 /* String+Image.swift */; };
		E5CFBAFE208D313B007614CA /* RegisterUserRequest.swift in Sources */ = {isa = PBXBuildFile; fileRef = E5CFBAFD208D313A007614CA /* RegisterUserRequest.swift */; };
		E5CFBB02208E6330007614CA /* DogQueryPreferencesViewController.swift in Sources */ = {isa = PBXBuildFile; fileRef = E5CFBB01208E6330007614CA /* DogQueryPreferencesViewController.swift */; };
		E5CFBB04208E7A11007614CA /* DogQueryPreferencesViewController+PickerView.swift in Sources */ = {isa = PBXBuildFile; fileRef = E5CFBB03208E7A11007614CA /* DogQueryPreferencesViewController+PickerView.swift */; };
		E5CFBB06208E7ACA007614CA /* DogQueryPreferencesViewController+CollectionView.swift in Sources */ = {isa = PBXBuildFile; fileRef = E5CFBB05208E7ACA007614CA /* DogQueryPreferencesViewController+CollectionView.swift */; };
		E5CFBB08208EA870007614CA /* UpdateDogInteractor.swift in Sources */ = {isa = PBXBuildFile; fileRef = E5CFBB07208EA870007614CA /* UpdateDogInteractor.swift */; };
		E5CFBB0A208EA914007614CA /* UpdateDogInteractorImpl.swift in Sources */ = {isa = PBXBuildFile; fileRef = E5CFBB09208EA914007614CA /* UpdateDogInteractorImpl.swift */; };
		E5E52401208BB909008DEB01 /* DogViewController.swift in Sources */ = {isa = PBXBuildFile; fileRef = E5E52400208BB909008DEB01 /* DogViewController.swift */; };
		E5E52403208BCB0B008DEB01 /* DogViewController+imagePicker.swift in Sources */ = {isa = PBXBuildFile; fileRef = E5E52402208BCB0B008DEB01 /* DogViewController+imagePicker.swift */; };
		E5E52405208BD570008DEB01 /* DogViewController+PickerView.swift in Sources */ = {isa = PBXBuildFile; fileRef = E5E52404208BD570008DEB01 /* DogViewController+PickerView.swift */; };
		E5E52407208BD656008DEB01 /* Breeds.swift in Sources */ = {isa = PBXBuildFile; fileRef = E5E52406208BD656008DEB01 /* Breeds.swift */; };
		E5E5240A208CB1CC008DEB01 /* RegisterDogInteractor.swift in Sources */ = {isa = PBXBuildFile; fileRef = E5E52409208CB1CC008DEB01 /* RegisterDogInteractor.swift */; };
		E5E5240C208CB2A8008DEB01 /* RegisterDogInteractorImpl.swift in Sources */ = {isa = PBXBuildFile; fileRef = E5E5240B208CB2A8008DEB01 /* RegisterDogInteractorImpl.swift */; };
		E5E5240E208CB346008DEB01 /* RegisterDogRequest.swift in Sources */ = {isa = PBXBuildFile; fileRef = E5E5240D208CB346008DEB01 /* RegisterDogRequest.swift */; };
		E5E52410208CC857008DEB01 /* RegisterDogJSONParser.swift in Sources */ = {isa = PBXBuildFile; fileRef = E5E5240F208CC857008DEB01 /* RegisterDogJSONParser.swift */; };
		E5E52412208CFE60008DEB01 /* GoogleService-Info.plist in Resources */ = {isa = PBXBuildFile; fileRef = E5E52411208CFE60008DEB01 /* GoogleService-Info.plist */; };
/* End PBXBuildFile section */

/* Begin PBXContainerItemProxy section */
		5D14CB3D20476F950076F8C3 /* PBXContainerItemProxy */ = {
			isa = PBXContainerItemProxy;
			containerPortal = 5D14CB1D20476F940076F8C3 /* Project object */;
			proxyType = 1;
			remoteGlobalIDString = 5D14CB2420476F940076F8C3;
			remoteInfo = Tindogs;
		};
/* End PBXContainerItemProxy section */

/* Begin PBXFileReference section */
		5D14CB2520476F940076F8C3 /* Tindogs.app */ = {isa = PBXFileReference; explicitFileType = wrapper.application; includeInIndex = 0; path = Tindogs.app; sourceTree = BUILT_PRODUCTS_DIR; };
		5D14CB2820476F940076F8C3 /* AppDelegate.swift */ = {isa = PBXFileReference; lastKnownFileType = sourcecode.swift; path = AppDelegate.swift; sourceTree = "<group>"; };
		5D14CB2D20476F940076F8C3 /* Base */ = {isa = PBXFileReference; lastKnownFileType = file.storyboard; name = Base; path = Base.lproj/Main.storyboard; sourceTree = "<group>"; };
		5D14CB3020476F940076F8C3 /* Tindogs.xcdatamodel */ = {isa = PBXFileReference; lastKnownFileType = wrapper.xcdatamodel; path = Tindogs.xcdatamodel; sourceTree = "<group>"; };
		5D14CB3220476F940076F8C3 /* Assets.xcassets */ = {isa = PBXFileReference; lastKnownFileType = folder.assetcatalog; path = Assets.xcassets; sourceTree = "<group>"; };
		5D14CB3520476F940076F8C3 /* Base */ = {isa = PBXFileReference; lastKnownFileType = file.storyboard; name = Base; path = Base.lproj/LaunchScreen.storyboard; sourceTree = "<group>"; };
		5D14CB3720476F940076F8C3 /* Info.plist */ = {isa = PBXFileReference; lastKnownFileType = text.plist.xml; path = Info.plist; sourceTree = "<group>"; };
		5D14CB3C20476F950076F8C3 /* TindogsTests.xctest */ = {isa = PBXFileReference; explicitFileType = wrapper.cfbundle; includeInIndex = 0; path = TindogsTests.xctest; sourceTree = BUILT_PRODUCTS_DIR; };
		5D14CB4020476F950076F8C3 /* UserTests.swift */ = {isa = PBXFileReference; lastKnownFileType = sourcecode.swift; path = UserTests.swift; sourceTree = "<group>"; };
		5D14CB4220476F950076F8C3 /* Info.plist */ = {isa = PBXFileReference; lastKnownFileType = text.plist.xml; path = Info.plist; sourceTree = "<group>"; };
		6E82028454B5C2E661D942BE /* Pods-Tindogs.debug.xcconfig */ = {isa = PBXFileReference; includeInIndex = 1; lastKnownFileType = text.xcconfig; name = "Pods-Tindogs.debug.xcconfig"; path = "Pods/Target Support Files/Pods-Tindogs/Pods-Tindogs.debug.xcconfig"; sourceTree = "<group>"; };
		7BC467F0984D31D198245EE5 /* Pods-Tindogs.release.xcconfig */ = {isa = PBXFileReference; includeInIndex = 1; lastKnownFileType = text.xcconfig; name = "Pods-Tindogs.release.xcconfig"; path = "Pods/Target Support Files/Pods-Tindogs/Pods-Tindogs.release.xcconfig"; sourceTree = "<group>"; };
		B4DE4725202055AFAE2C069C /* Pods_Tindogs.framework */ = {isa = PBXFileReference; explicitFileType = wrapper.framework; includeInIndex = 0; path = Pods_Tindogs.framework; sourceTree = BUILT_PRODUCTS_DIR; };
		DF0924DB20838DC700F766B8 /* DogDecodable.swift */ = {isa = PBXFileReference; lastKnownFileType = sourcecode.swift; path = DogDecodable.swift; sourceTree = "<group>"; };
		DF0924DD20838E1900F766B8 /* UserDecodable.swift */ = {isa = PBXFileReference; lastKnownFileType = sourcecode.swift; path = UserDecodable.swift; sourceTree = "<group>"; };
		DF0924DF2083998600F766B8 /* MatchDogsLikeInteractor.swift */ = {isa = PBXFileReference; lastKnownFileType = sourcecode.swift; path = MatchDogsLikeInteractor.swift; sourceTree = "<group>"; };
		DF0924E1208399BD00F766B8 /* MatchDogsLikeInteractorImpl.swift */ = {isa = PBXFileReference; lastKnownFileType = sourcecode.swift; path = MatchDogsLikeInteractorImpl.swift; sourceTree = "<group>"; };
		DF0DADDB208FBD720044E65F /* ShowMatchesViewController.swift */ = {isa = PBXFileReference; lastKnownFileType = sourcecode.swift; path = ShowMatchesViewController.swift; sourceTree = "<group>"; };
		DF0DADDE208FBF3D0044E65F /* ShowMatchesInteractor.swift */ = {isa = PBXFileReference; lastKnownFileType = sourcecode.swift; path = ShowMatchesInteractor.swift; sourceTree = "<group>"; };
		DF0DADE0208FBFC30044E65F /* ShowMatchesInteractorImpl.swift */ = {isa = PBXFileReference; lastKnownFileType = sourcecode.swift; path = ShowMatchesInteractorImpl.swift; sourceTree = "<group>"; };
		DF0DADE2208FC0330044E65F /* ShowMatchesRequest.swift */ = {isa = PBXFileReference; lastKnownFileType = sourcecode.swift; path = ShowMatchesRequest.swift; sourceTree = "<group>"; };
		DF0DADE4208FC2D90044E65F /* MatchesDecodable.swift */ = {isa = PBXFileReference; lastKnownFileType = sourcecode.swift; path = MatchesDecodable.swift; sourceTree = "<group>"; };
		DF13A331208C7404000F9103 /* LikeFromOtherDecodable.swift */ = {isa = PBXFileReference; lastKnownFileType = sourcecode.swift; path = LikeFromOtherDecodable.swift; sourceTree = "<group>"; };
		DF5953A320834BBB001F1BB7 /* MatchViewController.swift */ = {isa = PBXFileReference; lastKnownFileType = sourcecode.swift; path = MatchViewController.swift; sourceTree = "<group>"; };
		DF5953A5208353EA001F1BB7 /* MatchDogsRequest.swift */ = {isa = PBXFileReference; lastKnownFileType = sourcecode.swift; path = MatchDogsRequest.swift; sourceTree = "<group>"; };
		DF5953A820835BC1001F1BB7 /* MatchDogsInteractor.swift */ = {isa = PBXFileReference; lastKnownFileType = sourcecode.swift; path = MatchDogsInteractor.swift; sourceTree = "<group>"; };
		DF5953AA20835C5B001F1BB7 /* MatchDogsInteractorImp.swift */ = {isa = PBXFileReference; lastKnownFileType = sourcecode.swift; path = MatchDogsInteractorImp.swift; sourceTree = "<group>"; };
		DF5953AC20835DEC001F1BB7 /* MatchDogsInteractorFakeImpl.swift */ = {isa = PBXFileReference; lastKnownFileType = sourcecode.swift; path = MatchDogsInteractorFakeImpl.swift; sourceTree = "<group>"; };
		E5120BD0207CE708009EF7A8 /* RegisterViewController+imagePicker.swift */ = {isa = PBXFileReference; lastKnownFileType = sourcecode.swift; path = "RegisterViewController+imagePicker.swift"; sourceTree = "<group>"; };
		E51D396A208EAC6D00FF246B /* UpdateDogRequest.swift */ = {isa = PBXFileReference; lastKnownFileType = sourcecode.swift; path = UpdateDogRequest.swift; sourceTree = "<group>"; };
		E51D396C208EB3D700FF246B /* UpdateDogJSONParser.swift */ = {isa = PBXFileReference; lastKnownFileType = sourcecode.swift; path = UpdateDogJSONParser.swift; sourceTree = "<group>"; };
		E533022A207EA2CD00B05A58 /* UploadImageInteractor.swift */ = {isa = PBXFileReference; lastKnownFileType = sourcecode.swift; path = UploadImageInteractor.swift; sourceTree = "<group>"; };
		E533022D207EA3AB00B05A58 /* UploadImageInteractorImpl.swift */ = {isa = PBXFileReference; lastKnownFileType = sourcecode.swift; path = UploadImageInteractorImpl.swift; sourceTree = "<group>"; };
		E5330232208163E000B05A58 /* LoginUserInteractor.swift */ = {isa = PBXFileReference; lastKnownFileType = sourcecode.swift; path = LoginUserInteractor.swift; sourceTree = "<group>"; };
		E53302342082670D00B05A58 /* LoginUserInteractorImpl.swift */ = {isa = PBXFileReference; lastKnownFileType = sourcecode.swift; path = LoginUserInteractorImpl.swift; sourceTree = "<group>"; };
		E53302362082680700B05A58 /* LoginUserRequest.swift */ = {isa = PBXFileReference; lastKnownFileType = sourcecode.swift; path = LoginUserRequest.swift; sourceTree = "<group>"; };
		E53302382082706900B05A58 /* LoginUserJSONParser.swift */ = {isa = PBXFileReference; lastKnownFileType = sourcecode.swift; path = LoginUserJSONParser.swift; sourceTree = "<group>"; };
		E533023D2082A14F00B05A58 /* WriteNSUserDefaults.swift */ = {isa = PBXFileReference; lastKnownFileType = sourcecode.swift; path = WriteNSUserDefaults.swift; sourceTree = "<group>"; };
		E533023F2082ADD100B05A58 /* ReadNSUserDefaults.swift */ = {isa = PBXFileReference; lastKnownFileType = sourcecode.swift; path = ReadNSUserDefaults.swift; sourceTree = "<group>"; };
		E533024120839FC200B05A58 /* DeleteNSUserDefaults.swift */ = {isa = PBXFileReference; lastKnownFileType = sourcecode.swift; path = DeleteNSUserDefaults.swift; sourceTree = "<group>"; };
		E53302432083EAEB00B05A58 /* UserProfileViewController+CollectionView.swift */ = {isa = PBXFileReference; lastKnownFileType = sourcecode.swift; path = "UserProfileViewController+CollectionView.swift"; sourceTree = "<group>"; };
		E533024A20841BED00B05A58 /* DogCell.swift */ = {isa = PBXFileReference; lastKnownFileType = sourcecode.swift; path = DogCell.swift; sourceTree = "<group>"; };
		E53421B220880835004BD366 /* GetUserInteractor.swift */ = {isa = PBXFileReference; lastKnownFileType = sourcecode.swift; path = GetUserInteractor.swift; sourceTree = "<group>"; };
		E53421B4208808C0004BD366 /* GetUserInteractorImpl.swift */ = {isa = PBXFileReference; lastKnownFileType = sourcecode.swift; path = GetUserInteractorImpl.swift; sourceTree = "<group>"; };
		E53421B6208809A4004BD366 /* GetUserRequest.swift */ = {isa = PBXFileReference; lastKnownFileType = sourcecode.swift; path = GetUserRequest.swift; sourceTree = "<group>"; };
		E53421B820880BB7004BD366 /* GetUserJSONParser.swift */ = {isa = PBXFileReference; lastKnownFileType = sourcecode.swift; path = GetUserJSONParser.swift; sourceTree = "<group>"; };
		E5451C1F206586450006D23E /* User.swift */ = {isa = PBXFileReference; lastKnownFileType = sourcecode.swift; path = User.swift; sourceTree = "<group>"; };
		E5451C212065977A0006D23E /* Dog.swift */ = {isa = PBXFileReference; lastKnownFileType = sourcecode.swift; path = Dog.swift; sourceTree = "<group>"; };
		E5451C232066FA6E0006D23E /* DogTests.swift */ = {isa = PBXFileReference; lastKnownFileType = sourcecode.swift; path = DogTests.swift; sourceTree = "<group>"; };
		E5451C26206952F80006D23E /* LogInViewController.swift */ = {isa = PBXFileReference; lastKnownFileType = sourcecode.swift; path = LogInViewController.swift; sourceTree = "<group>"; };
		E5451C2A206958220006D23E /* RegisterViewController.swift */ = {isa = PBXFileReference; fileEncoding = 4; lastKnownFileType = sourcecode.swift; path = RegisterViewController.swift; sourceTree = "<group>"; };
		E5451C2C20696C730006D23E /* UserProfileViewController.swift */ = {isa = PBXFileReference; lastKnownFileType = sourcecode.swift; path = UserProfileViewController.swift; sourceTree = "<group>"; };
		E575184F206A938400FAE728 /* RegisterUserInteractor.swift */ = {isa = PBXFileReference; lastKnownFileType = sourcecode.swift; path = RegisterUserInteractor.swift; sourceTree = "<group>"; };
		E5751852206C431A00FAE728 /* Url+Endpoints+Constants.swift */ = {isa = PBXFileReference; lastKnownFileType = sourcecode.swift; path = "Url+Endpoints+Constants.swift"; sourceTree = "<group>"; };
		E5751854206D724300FAE728 /* RegisterUserInteractorFakeImpl.swift */ = {isa = PBXFileReference; lastKnownFileType = sourcecode.swift; path = RegisterUserInteractorFakeImpl.swift; sourceTree = "<group>"; };
		E5751857206D729D00FAE728 /* Typealias.swift */ = {isa = PBXFileReference; lastKnownFileType = sourcecode.swift; path = Typealias.swift; sourceTree = "<group>"; };
		E5751859206E7C2D00FAE728 /* RegisterUserInteractorImpl.swift */ = {isa = PBXFileReference; lastKnownFileType = sourcecode.swift; path = RegisterUserInteractorImpl.swift; sourceTree = "<group>"; };
		E575185C206EBB1600FAE728 /* RegisterUserJSONParser.swift */ = {isa = PBXFileReference; lastKnownFileType = sourcecode.swift; path = RegisterUserJSONParser.swift; sourceTree = "<group>"; };
		E5751862206FB95100FAE728 /* String+Image.swift */ = {isa = PBXFileReference; lastKnownFileType = sourcecode.swift; path = "String+Image.swift"; sourceTree = "<group>"; };
		E5CFBAFD208D313A007614CA /* RegisterUserRequest.swift */ = {isa = PBXFileReference; fileEncoding = 4; lastKnownFileType = sourcecode.swift; path = RegisterUserRequest.swift; sourceTree = "<group>"; };
		E5CFBB01208E6330007614CA /* DogQueryPreferencesViewController.swift */ = {isa = PBXFileReference; lastKnownFileType = sourcecode.swift; path = DogQueryPreferencesViewController.swift; sourceTree = "<group>"; };
		E5CFBB03208E7A11007614CA /* DogQueryPreferencesViewController+PickerView.swift */ = {isa = PBXFileReference; lastKnownFileType = sourcecode.swift; path = "DogQueryPreferencesViewController+PickerView.swift"; sourceTree = "<group>"; };
		E5CFBB05208E7ACA007614CA /* DogQueryPreferencesViewController+CollectionView.swift */ = {isa = PBXFileReference; lastKnownFileType = sourcecode.swift; path = "DogQueryPreferencesViewController+CollectionView.swift"; sourceTree = "<group>"; };
		E5CFBB07208EA870007614CA /* UpdateDogInteractor.swift */ = {isa = PBXFileReference; lastKnownFileType = sourcecode.swift; path = UpdateDogInteractor.swift; sourceTree = "<group>"; };
		E5CFBB09208EA914007614CA /* UpdateDogInteractorImpl.swift */ = {isa = PBXFileReference; lastKnownFileType = sourcecode.swift; path = UpdateDogInteractorImpl.swift; sourceTree = "<group>"; };
		E5E52400208BB909008DEB01 /* DogViewController.swift */ = {isa = PBXFileReference; lastKnownFileType = sourcecode.swift; path = DogViewController.swift; sourceTree = "<group>"; };
		E5E52402208BCB0B008DEB01 /* DogViewController+imagePicker.swift */ = {isa = PBXFileReference; lastKnownFileType = sourcecode.swift; path = "DogViewController+imagePicker.swift"; sourceTree = "<group>"; };
		E5E52404208BD570008DEB01 /* DogViewController+PickerView.swift */ = {isa = PBXFileReference; lastKnownFileType = sourcecode.swift; path = "DogViewController+PickerView.swift"; sourceTree = "<group>"; };
		E5E52406208BD656008DEB01 /* Breeds.swift */ = {isa = PBXFileReference; lastKnownFileType = sourcecode.swift; path = Breeds.swift; sourceTree = "<group>"; };
		E5E52409208CB1CC008DEB01 /* RegisterDogInteractor.swift */ = {isa = PBXFileReference; lastKnownFileType = sourcecode.swift; path = RegisterDogInteractor.swift; sourceTree = "<group>"; };
		E5E5240B208CB2A8008DEB01 /* RegisterDogInteractorImpl.swift */ = {isa = PBXFileReference; lastKnownFileType = sourcecode.swift; path = RegisterDogInteractorImpl.swift; sourceTree = "<group>"; };
		E5E5240D208CB346008DEB01 /* RegisterDogRequest.swift */ = {isa = PBXFileReference; lastKnownFileType = sourcecode.swift; path = RegisterDogRequest.swift; sourceTree = "<group>"; };
		E5E5240F208CC857008DEB01 /* RegisterDogJSONParser.swift */ = {isa = PBXFileReference; lastKnownFileType = sourcecode.swift; path = RegisterDogJSONParser.swift; sourceTree = "<group>"; };
		E5E52411208CFE60008DEB01 /* GoogleService-Info.plist */ = {isa = PBXFileReference; fileEncoding = 4; lastKnownFileType = text.plist.xml; path = "GoogleService-Info.plist"; sourceTree = "<group>"; };
/* End PBXFileReference section */

/* Begin PBXFrameworksBuildPhase section */
		5D14CB2220476F940076F8C3 /* Frameworks */ = {
			isa = PBXFrameworksBuildPhase;
			buildActionMask = 2147483647;
			files = (
				771EEA0B6BC644A67D0347D0 /* Pods_Tindogs.framework in Frameworks */,
			);
			runOnlyForDeploymentPostprocessing = 0;
		};
		5D14CB3920476F950076F8C3 /* Frameworks */ = {
			isa = PBXFrameworksBuildPhase;
			buildActionMask = 2147483647;
			files = (
			);
			runOnlyForDeploymentPostprocessing = 0;
		};
/* End PBXFrameworksBuildPhase section */

/* Begin PBXGroup section */
		1E1C0741C07D5EF3088D43A6 /* Frameworks */ = {
			isa = PBXGroup;
			children = (
				B4DE4725202055AFAE2C069C /* Pods_Tindogs.framework */,
			);
			name = Frameworks;
			sourceTree = "<group>";
		};
		26785740A356A74115950903 /* Pods */ = {
			isa = PBXGroup;
			children = (
				6E82028454B5C2E661D942BE /* Pods-Tindogs.debug.xcconfig */,
				7BC467F0984D31D198245EE5 /* Pods-Tindogs.release.xcconfig */,
			);
			name = Pods;
			sourceTree = "<group>";
		};
		5D14CB1C20476F940076F8C3 = {
			isa = PBXGroup;
			children = (
				5D14CB2720476F940076F8C3 /* Tindogs */,
				5D14CB3F20476F950076F8C3 /* TindogsTests */,
				5D14CB2620476F940076F8C3 /* Products */,
				26785740A356A74115950903 /* Pods */,
				1E1C0741C07D5EF3088D43A6 /* Frameworks */,
			);
			sourceTree = "<group>";
		};
		5D14CB2620476F940076F8C3 /* Products */ = {
			isa = PBXGroup;
			children = (
				5D14CB2520476F940076F8C3 /* Tindogs.app */,
				5D14CB3C20476F950076F8C3 /* TindogsTests.xctest */,
			);
			name = Products;
			sourceTree = "<group>";
		};
		5D14CB2720476F940076F8C3 /* Tindogs */ = {
			isa = PBXGroup;
			children = (
				5D14CB2820476F940076F8C3 /* AppDelegate.swift */,
				E5451C1C206579FA0006D23E /* Model */,
				E5451C1D20657A010006D23E /* View */,
				E5451C1E20657A070006D23E /* Controller */,
				E5451C2520682C580006D23E /* Interactors */,
				E575185B206EBAD100FAE728 /* JSON Parsers */,
				E575185E206EECEF00FAE728 /* Managers */,
				E5751856206D728700FAE728 /* Utils */,
				E5751851206C42AF00FAE728 /* Config */,
				5D14CB3220476F940076F8C3 /* Assets.xcassets */,
				E5E52411208CFE60008DEB01 /* GoogleService-Info.plist */,
				5D14CB3720476F940076F8C3 /* Info.plist */,
				5D14CB2F20476F940076F8C3 /* Tindogs.xcdatamodeld */,
			);
			path = Tindogs;
			sourceTree = "<group>";
		};
		5D14CB3F20476F950076F8C3 /* TindogsTests */ = {
			isa = PBXGroup;
			children = (
				5D14CB4020476F950076F8C3 /* UserTests.swift */,
				E5451C232066FA6E0006D23E /* DogTests.swift */,
				5D14CB4220476F950076F8C3 /* Info.plist */,
			);
			path = TindogsTests;
			sourceTree = "<group>";
		};
		DF0DADDD208FBF130044E65F /* ShowMatches */ = {
			isa = PBXGroup;
			children = (
				DF0DADDE208FBF3D0044E65F /* ShowMatchesInteractor.swift */,
				DF0DADE0208FBFC30044E65F /* ShowMatchesInteractorImpl.swift */,
			);
			path = ShowMatches;
			sourceTree = "<group>";
		};
		DF5953A720835B9B001F1BB7 /* MatchDogs */ = {
			isa = PBXGroup;
			children = (
				DF5953A820835BC1001F1BB7 /* MatchDogsInteractor.swift */,
				DF5953AC20835DEC001F1BB7 /* MatchDogsInteractorFakeImpl.swift */,
				DF5953AA20835C5B001F1BB7 /* MatchDogsInteractorImp.swift */,
				DF0924DF2083998600F766B8 /* MatchDogsLikeInteractor.swift */,
				DF0924E1208399BD00F766B8 /* MatchDogsLikeInteractorImpl.swift */,
			);
			path = MatchDogs;
			sourceTree = "<group>";
		};
		E533022C207EA31F00B05A58 /* UploadImage */ = {
			isa = PBXGroup;
			children = (
				E533022A207EA2CD00B05A58 /* UploadImageInteractor.swift */,
				E533022D207EA3AB00B05A58 /* UploadImageInteractorImpl.swift */,
			);
			path = UploadImage;
			sourceTree = "<group>";
		};
		E53302312081621400B05A58 /* LoginUser */ = {
			isa = PBXGroup;
			children = (
				E5330232208163E000B05A58 /* LoginUserInteractor.swift */,
				E53302342082670D00B05A58 /* LoginUserInteractorImpl.swift */,
			);
			path = LoginUser;
			sourceTree = "<group>";
		};
		E533023B2082A0E700B05A58 /* Requests */ = {
			isa = PBXGroup;
			children = (
				E5CFBAFD208D313A007614CA /* RegisterUserRequest.swift */,
				E53302362082680700B05A58 /* LoginUserRequest.swift */,
				E53421B6208809A4004BD366 /* GetUserRequest.swift */,
				E5E5240D208CB346008DEB01 /* RegisterDogRequest.swift */,
				DF5953A5208353EA001F1BB7 /* MatchDogsRequest.swift */,
				E51D396A208EAC6D00FF246B /* UpdateDogRequest.swift */,
				DF0DADE2208FC0330044E65F /* ShowMatchesRequest.swift */,
			);
			path = Requests;
			sourceTree = "<group>";
		};
		E533023C2082A12000B05A58 /* NSUserDefaults */ = {
			isa = PBXGroup;
			children = (
				E533023D2082A14F00B05A58 /* WriteNSUserDefaults.swift */,
				E533023F2082ADD100B05A58 /* ReadNSUserDefaults.swift */,
				E533024120839FC200B05A58 /* DeleteNSUserDefaults.swift */,
			);
			path = NSUserDefaults;
			sourceTree = "<group>";
		};
		E53421B1208807F8004BD366 /* GetUser */ = {
			isa = PBXGroup;
			children = (
				E53421B220880835004BD366 /* GetUserInteractor.swift */,
				E53421B4208808C0004BD366 /* GetUserInteractorImpl.swift */,
			);
			path = GetUser;
			sourceTree = "<group>";
		};
		E5451C1C206579FA0006D23E /* Model */ = {
			isa = PBXGroup;
			children = (
				E5451C1F206586450006D23E /* User.swift */,
				E5451C212065977A0006D23E /* Dog.swift */,
				DF0924DB20838DC700F766B8 /* DogDecodable.swift */,
				DF0924DD20838E1900F766B8 /* UserDecodable.swift */,
				DF13A331208C7404000F9103 /* LikeFromOtherDecodable.swift */,
				E5E52406208BD656008DEB01 /* Breeds.swift */,
				DF0DADE4208FC2D90044E65F /* MatchesDecodable.swift */,
			);
			path = Model;
			sourceTree = "<group>";
		};
		E5451C1D20657A010006D23E /* View */ = {
			isa = PBXGroup;
			children = (
				5D14CB2C20476F940076F8C3 /* Main.storyboard */,
				5D14CB3420476F940076F8C3 /* LaunchScreen.storyboard */,
				E533024A20841BED00B05A58 /* DogCell.swift */,
			);
			path = View;
			sourceTree = "<group>";
		};
		E5451C1E20657A070006D23E /* Controller */ = {
			isa = PBXGroup;
			children = (
				E5451C26206952F80006D23E /* LogInViewController.swift */,
				E5451C2A206958220006D23E /* RegisterViewController.swift */,
				E5120BD0207CE708009EF7A8 /* RegisterViewController+imagePicker.swift */,
				DF5953A320834BBB001F1BB7 /* MatchViewController.swift */,
				E5451C2C20696C730006D23E /* UserProfileViewController.swift */,
				E53302432083EAEB00B05A58 /* UserProfileViewController+CollectionView.swift */,
				E5E52400208BB909008DEB01 /* DogViewController.swift */,
				E5E52402208BCB0B008DEB01 /* DogViewController+imagePicker.swift */,
				E5E52404208BD570008DEB01 /* DogViewController+PickerView.swift */,
				E5CFBB01208E6330007614CA /* DogQueryPreferencesViewController.swift */,
				E5CFBB03208E7A11007614CA /* DogQueryPreferencesViewController+PickerView.swift */,
				E5CFBB05208E7ACA007614CA /* DogQueryPreferencesViewController+CollectionView.swift */,
				DF0DADDB208FBD720044E65F /* ShowMatchesViewController.swift */,
			);
			path = Controller;
			sourceTree = "<group>";
		};
		E5451C2520682C580006D23E /* Interactors */ = {
			isa = PBXGroup;
			children = (
				DF0DADDD208FBF130044E65F /* ShowMatches */,
				DF5953A720835B9B001F1BB7 /* MatchDogs */,
				E53302312081621400B05A58 /* LoginUser */,
				E5751861206EF27F00FAE728 /* RegisterUser */,
				E533022C207EA31F00B05A58 /* UploadImage */,
				E53421B1208807F8004BD366 /* GetUser */,
				E5E52408208CAE55008DEB01 /* Dogs */,
			);
			path = Interactors;
			sourceTree = "<group>";
		};
		E5751851206C42AF00FAE728 /* Config */ = {
			isa = PBXGroup;
			children = (
				E5751852206C431A00FAE728 /* Url+Endpoints+Constants.swift */,
			);
			path = Config;
			sourceTree = "<group>";
		};
		E5751856206D728700FAE728 /* Utils */ = {
			isa = PBXGroup;
			children = (
				E5751857206D729D00FAE728 /* Typealias.swift */,
				E5751862206FB95100FAE728 /* String+Image.swift */,
			);
			path = Utils;
			sourceTree = "<group>";
		};
		E575185B206EBAD100FAE728 /* JSON Parsers */ = {
			isa = PBXGroup;
			children = (
				E53302382082706900B05A58 /* LoginUserJSONParser.swift */,
				E575185C206EBB1600FAE728 /* RegisterUserJSONParser.swift */,
				E53421B820880BB7004BD366 /* GetUserJSONParser.swift */,
				E5E5240F208CC857008DEB01 /* RegisterDogJSONParser.swift */,
				E51D396C208EB3D700FF246B /* UpdateDogJSONParser.swift */,
			);
			path = "JSON Parsers";
			sourceTree = "<group>";
		};
		E575185E206EECEF00FAE728 /* Managers */ = {
			isa = PBXGroup;
			children = (
				E533023C2082A12000B05A58 /* NSUserDefaults */,
				E533023B2082A0E700B05A58 /* Requests */,
			);
			path = Managers;
			sourceTree = "<group>";
		};
		E5751861206EF27F00FAE728 /* RegisterUser */ = {
			isa = PBXGroup;
			children = (
				E575184F206A938400FAE728 /* RegisterUserInteractor.swift */,
				E5751854206D724300FAE728 /* RegisterUserInteractorFakeImpl.swift */,
				E5751859206E7C2D00FAE728 /* RegisterUserInteractorImpl.swift */,
			);
			path = RegisterUser;
			sourceTree = "<group>";
		};
		E5E52408208CAE55008DEB01 /* Dogs */ = {
			isa = PBXGroup;
			children = (
				E5E52409208CB1CC008DEB01 /* RegisterDogInteractor.swift */,
				E5E5240B208CB2A8008DEB01 /* RegisterDogInteractorImpl.swift */,
				E5CFBB07208EA870007614CA /* UpdateDogInteractor.swift */,
				E5CFBB09208EA914007614CA /* UpdateDogInteractorImpl.swift */,
			);
			path = Dogs;
			sourceTree = "<group>";
		};
/* End PBXGroup section */

/* Begin PBXNativeTarget section */
		5D14CB2420476F940076F8C3 /* Tindogs */ = {
			isa = PBXNativeTarget;
			buildConfigurationList = 5D14CB4520476F950076F8C3 /* Build configuration list for PBXNativeTarget "Tindogs" */;
			buildPhases = (
				60F1E46992390129793A76DF /* [CP] Check Pods Manifest.lock */,
				5D14CB2120476F940076F8C3 /* Sources */,
				5D14CB2220476F940076F8C3 /* Frameworks */,
				5D14CB2320476F940076F8C3 /* Resources */,
				301FF38BF9A85223D15416D8 /* [CP] Embed Pods Frameworks */,
			);
			buildRules = (
			);
			dependencies = (
			);
			name = Tindogs;
			productName = Tindogs;
			productReference = 5D14CB2520476F940076F8C3 /* Tindogs.app */;
			productType = "com.apple.product-type.application";
		};
		5D14CB3B20476F950076F8C3 /* TindogsTests */ = {
			isa = PBXNativeTarget;
			buildConfigurationList = 5D14CB4820476F950076F8C3 /* Build configuration list for PBXNativeTarget "TindogsTests" */;
			buildPhases = (
				5D14CB3820476F950076F8C3 /* Sources */,
				5D14CB3920476F950076F8C3 /* Frameworks */,
				5D14CB3A20476F950076F8C3 /* Resources */,
			);
			buildRules = (
			);
			dependencies = (
				5D14CB3E20476F950076F8C3 /* PBXTargetDependency */,
			);
			name = TindogsTests;
			productName = TindogsTests;
			productReference = 5D14CB3C20476F950076F8C3 /* TindogsTests.xctest */;
			productType = "com.apple.product-type.bundle.unit-test";
		};
/* End PBXNativeTarget section */

/* Begin PBXProject section */
		5D14CB1D20476F940076F8C3 /* Project object */ = {
			isa = PBXProject;
			attributes = {
				LastSwiftUpdateCheck = 0920;
				LastUpgradeCheck = 0920;
				ORGANIZATIONNAME = Appvengers;
				TargetAttributes = {
					5D14CB2420476F940076F8C3 = {
						CreatedOnToolsVersion = 9.2;
						ProvisioningStyle = Automatic;
					};
					5D14CB3B20476F950076F8C3 = {
						CreatedOnToolsVersion = 9.2;
						ProvisioningStyle = Automatic;
						TestTargetID = 5D14CB2420476F940076F8C3;
					};
				};
			};
			buildConfigurationList = 5D14CB2020476F940076F8C3 /* Build configuration list for PBXProject "Tindogs" */;
			compatibilityVersion = "Xcode 8.0";
			developmentRegion = en;
			hasScannedForEncodings = 0;
			knownRegions = (
				en,
				Base,
			);
			mainGroup = 5D14CB1C20476F940076F8C3;
			productRefGroup = 5D14CB2620476F940076F8C3 /* Products */;
			projectDirPath = "";
			projectRoot = "";
			targets = (
				5D14CB2420476F940076F8C3 /* Tindogs */,
				5D14CB3B20476F950076F8C3 /* TindogsTests */,
			);
		};
/* End PBXProject section */

/* Begin PBXResourcesBuildPhase section */
		5D14CB2320476F940076F8C3 /* Resources */ = {
			isa = PBXResourcesBuildPhase;
			buildActionMask = 2147483647;
			files = (
				5D14CB3620476F940076F8C3 /* LaunchScreen.storyboard in Resources */,
				E5E52412208CFE60008DEB01 /* GoogleService-Info.plist in Resources */,
				5D14CB3320476F940076F8C3 /* Assets.xcassets in Resources */,
				5D14CB2E20476F940076F8C3 /* Main.storyboard in Resources */,
			);
			runOnlyForDeploymentPostprocessing = 0;
		};
		5D14CB3A20476F950076F8C3 /* Resources */ = {
			isa = PBXResourcesBuildPhase;
			buildActionMask = 2147483647;
			files = (
			);
			runOnlyForDeploymentPostprocessing = 0;
		};
/* End PBXResourcesBuildPhase section */

/* Begin PBXShellScriptBuildPhase section */
		301FF38BF9A85223D15416D8 /* [CP] Embed Pods Frameworks */ = {
			isa = PBXShellScriptBuildPhase;
			buildActionMask = 2147483647;
			files = (
			);
			inputPaths = (
				"${SRCROOT}/Pods/Target Support Files/Pods-Tindogs/Pods-Tindogs-frameworks.sh",
				"${BUILT_PRODUCTS_DIR}/GTMSessionFetcher/GTMSessionFetcher.framework",
				"${BUILT_PRODUCTS_DIR}/GoogleToolboxForMac/GoogleToolboxForMac.framework",
				"${BUILT_PRODUCTS_DIR}/nanopb/nanopb.framework",
			);
			name = "[CP] Embed Pods Frameworks";
			outputPaths = (
				"${TARGET_BUILD_DIR}/${FRAMEWORKS_FOLDER_PATH}/GTMSessionFetcher.framework",
				"${TARGET_BUILD_DIR}/${FRAMEWORKS_FOLDER_PATH}/GoogleToolboxForMac.framework",
				"${TARGET_BUILD_DIR}/${FRAMEWORKS_FOLDER_PATH}/nanopb.framework",
			);
			runOnlyForDeploymentPostprocessing = 0;
			shellPath = /bin/sh;
			shellScript = "\"${SRCROOT}/Pods/Target Support Files/Pods-Tindogs/Pods-Tindogs-frameworks.sh\"\n";
			showEnvVarsInLog = 0;
		};
		60F1E46992390129793A76DF /* [CP] Check Pods Manifest.lock */ = {
			isa = PBXShellScriptBuildPhase;
			buildActionMask = 2147483647;
			files = (
			);
			inputPaths = (
				"${PODS_PODFILE_DIR_PATH}/Podfile.lock",
				"${PODS_ROOT}/Manifest.lock",
			);
			name = "[CP] Check Pods Manifest.lock";
			outputPaths = (
				"$(DERIVED_FILE_DIR)/Pods-Tindogs-checkManifestLockResult.txt",
			);
			runOnlyForDeploymentPostprocessing = 0;
			shellPath = /bin/sh;
			shellScript = "diff \"${PODS_PODFILE_DIR_PATH}/Podfile.lock\" \"${PODS_ROOT}/Manifest.lock\" > /dev/null\nif [ $? != 0 ] ; then\n    # print error to STDERR\n    echo \"error: The sandbox is not in sync with the Podfile.lock. Run 'pod install' or update your CocoaPods installation.\" >&2\n    exit 1\nfi\n# This output is used by Xcode 'outputs' to avoid re-running this script phase.\necho \"SUCCESS\" > \"${SCRIPT_OUTPUT_FILE_0}\"\n";
			showEnvVarsInLog = 0;
		};
/* End PBXShellScriptBuildPhase section */

/* Begin PBXSourcesBuildPhase section */
		5D14CB2120476F940076F8C3 /* Sources */ = {
			isa = PBXSourcesBuildPhase;
			buildActionMask = 2147483647;
			files = (
				E5CFBB0A208EA914007614CA /* UpdateDogInteractorImpl.swift in Sources */,
				E5E5240C208CB2A8008DEB01 /* RegisterDogInteractorImpl.swift in Sources */,
				E5E52407208BD656008DEB01 /* Breeds.swift in Sources */,
				E5E52405208BD570008DEB01 /* DogViewController+PickerView.swift in Sources */,
				E533024220839FC200B05A58 /* DeleteNSUserDefaults.swift in Sources */,
				E5E52410208CC857008DEB01 /* RegisterDogJSONParser.swift in Sources */,
				E5751853206C431A00FAE728 /* Url+Endpoints+Constants.swift in Sources */,
				E51D396B208EAC6D00FF246B /* UpdateDogRequest.swift in Sources */,
				E533022E207EA3AB00B05A58 /* UploadImageInteractorImpl.swift in Sources */,
				E5CFBB02208E6330007614CA /* DogQueryPreferencesViewController.swift in Sources */,
				DF0924DC20838DC700F766B8 /* DogDecodable.swift in Sources */,
				DF0924E2208399BD00F766B8 /* MatchDogsLikeInteractorImpl.swift in Sources */,
				E5451C20206586450006D23E /* User.swift in Sources */,
				DF13A332208C7404000F9103 /* LikeFromOtherDecodable.swift in Sources */,
				E5CFBB04208E7A11007614CA /* DogQueryPreferencesViewController+PickerView.swift in Sources */,
				E5451C2D20696C730006D23E /* UserProfileViewController.swift in Sources */,
				E51D396D208EB3D700FF246B /* UpdateDogJSONParser.swift in Sources */,
				E5120BD1207CE708009EF7A8 /* RegisterViewController+imagePicker.swift in Sources */,
				DF0924E02083998600F766B8 /* MatchDogsLikeInteractor.swift in Sources */,
				DF0DADDF208FBF3D0044E65F /* ShowMatchesInteractor.swift in Sources */,
				5D14CB3120476F940076F8C3 /* Tindogs.xcdatamodeld in Sources */,
				E575185D206EBB1600FAE728 /* RegisterUserJSONParser.swift in Sources */,
				DF0DADE3208FC0330044E65F /* ShowMatchesRequest.swift in Sources */,
				E533024B20841BED00B05A58 /* DogCell.swift in Sources */,
				E5451C2B206958220006D23E /* RegisterViewController.swift in Sources */,
				DF5953AD20835DEC001F1BB7 /* MatchDogsInteractorFakeImpl.swift in Sources */,
				E5E52401208BB909008DEB01 /* DogViewController.swift in Sources */,
				E53302442083EAEB00B05A58 /* UserProfileViewController+CollectionView.swift in Sources */,
				E53302392082706900B05A58 /* LoginUserJSONParser.swift in Sources */,
				E5751855206D724300FAE728 /* RegisterUserInteractorFakeImpl.swift in Sources */,
				E5751850206A938400FAE728 /* RegisterUserInteractor.swift in Sources */,
				E53421B5208808C0004BD366 /* GetUserInteractorImpl.swift in Sources */,
				E53302372082680700B05A58 /* LoginUserRequest.swift in Sources */,
				E5E5240A208CB1CC008DEB01 /* RegisterDogInteractor.swift in Sources */,
				E5CFBAFE208D313B007614CA /* RegisterUserRequest.swift in Sources */,
				E5330233208163E000B05A58 /* LoginUserInteractor.swift in Sources */,
				E5E5240E208CB346008DEB01 /* RegisterDogRequest.swift in Sources */,
				DF0DADDC208FBD720044E65F /* ShowMatchesViewController.swift in Sources */,
				E5451C27206952F80006D23E /* LogInViewController.swift in Sources */,
				DF5953A6208353EA001F1BB7 /* MatchDogsRequest.swift in Sources */,
				E53302352082670D00B05A58 /* LoginUserInteractorImpl.swift in Sources */,
				E575185A206E7C2E00FAE728 /* RegisterUserInteractorImpl.swift in Sources */,
				E5E52403208BCB0B008DEB01 /* DogViewController+imagePicker.swift in Sources */,
				E53421B7208809A4004BD366 /* GetUserRequest.swift in Sources */,
				E53421B320880835004BD366 /* GetUserInteractor.swift in Sources */,
				E5451C222065977A0006D23E /* Dog.swift in Sources */,
				E5CFBB08208EA870007614CA /* UpdateDogInteractor.swift in Sources */,
				E533022B207EA2CD00B05A58 /* UploadImageInteractor.swift in Sources */,
				DF0924DE20838E1900F766B8 /* UserDecodable.swift in Sources */,
				DF5953AB20835C5B001F1BB7 /* MatchDogsInteractorImp.swift in Sources */,
				DF0DADE5208FC2D90044E65F /* MatchesDecodable.swift in Sources */,
				DF5953A920835BC1001F1BB7 /* MatchDogsInteractor.swift in Sources */,
				DF5953A420834BBB001F1BB7 /* MatchViewController.swift in Sources */,
				E5751858206D729D00FAE728 /* Typealias.swift in Sources */,
				5D14CB2920476F940076F8C3 /* AppDelegate.swift in Sources */,
				E53421B920880BB7004BD366 /* GetUserJSONParser.swift in Sources */,
				E5CFBB06208E7ACA007614CA /* DogQueryPreferencesViewController+CollectionView.swift in Sources */,
				E533023E2082A14F00B05A58 /* WriteNSUserDefaults.swift in Sources */,
				E5751863206FB95100FAE728 /* String+Image.swift in Sources */,
				DF0DADE1208FBFC30044E65F /* ShowMatchesInteractorImpl.swift in Sources */,
				E53302402082ADD100B05A58 /* ReadNSUserDefaults.swift in Sources */,
			);
			runOnlyForDeploymentPostprocessing = 0;
		};
		5D14CB3820476F950076F8C3 /* Sources */ = {
			isa = PBXSourcesBuildPhase;
			buildActionMask = 2147483647;
			files = (
				E5451C242066FA6E0006D23E /* DogTests.swift in Sources */,
				5D14CB4120476F950076F8C3 /* UserTests.swift in Sources */,
			);
			runOnlyForDeploymentPostprocessing = 0;
		};
/* End PBXSourcesBuildPhase section */

/* Begin PBXTargetDependency section */
		5D14CB3E20476F950076F8C3 /* PBXTargetDependency */ = {
			isa = PBXTargetDependency;
			target = 5D14CB2420476F940076F8C3 /* Tindogs */;
			targetProxy = 5D14CB3D20476F950076F8C3 /* PBXContainerItemProxy */;
		};
/* End PBXTargetDependency section */

/* Begin PBXVariantGroup section */
		5D14CB2C20476F940076F8C3 /* Main.storyboard */ = {
			isa = PBXVariantGroup;
			children = (
				5D14CB2D20476F940076F8C3 /* Base */,
			);
			name = Main.storyboard;
			sourceTree = "<group>";
		};
		5D14CB3420476F940076F8C3 /* LaunchScreen.storyboard */ = {
			isa = PBXVariantGroup;
			children = (
				5D14CB3520476F940076F8C3 /* Base */,
			);
			name = LaunchScreen.storyboard;
			sourceTree = "<group>";
		};
/* End PBXVariantGroup section */

/* Begin XCBuildConfiguration section */
		5D14CB4320476F950076F8C3 /* Debug */ = {
			isa = XCBuildConfiguration;
			buildSettings = {
				ALWAYS_SEARCH_USER_PATHS = NO;
				CLANG_ANALYZER_NONNULL = YES;
				CLANG_ANALYZER_NUMBER_OBJECT_CONVERSION = YES_AGGRESSIVE;
				CLANG_CXX_LANGUAGE_STANDARD = "gnu++14";
				CLANG_CXX_LIBRARY = "libc++";
				CLANG_ENABLE_MODULES = YES;
				CLANG_ENABLE_OBJC_ARC = YES;
				CLANG_WARN_BLOCK_CAPTURE_AUTORELEASING = YES;
				CLANG_WARN_BOOL_CONVERSION = YES;
				CLANG_WARN_COMMA = YES;
				CLANG_WARN_CONSTANT_CONVERSION = YES;
				CLANG_WARN_DIRECT_OBJC_ISA_USAGE = YES_ERROR;
				CLANG_WARN_DOCUMENTATION_COMMENTS = YES;
				CLANG_WARN_EMPTY_BODY = YES;
				CLANG_WARN_ENUM_CONVERSION = YES;
				CLANG_WARN_INFINITE_RECURSION = YES;
				CLANG_WARN_INT_CONVERSION = YES;
				CLANG_WARN_NON_LITERAL_NULL_CONVERSION = YES;
				CLANG_WARN_OBJC_LITERAL_CONVERSION = YES;
				CLANG_WARN_OBJC_ROOT_CLASS = YES_ERROR;
				CLANG_WARN_RANGE_LOOP_ANALYSIS = YES;
				CLANG_WARN_STRICT_PROTOTYPES = YES;
				CLANG_WARN_SUSPICIOUS_MOVE = YES;
				CLANG_WARN_UNGUARDED_AVAILABILITY = YES_AGGRESSIVE;
				CLANG_WARN_UNREACHABLE_CODE = YES;
				CLANG_WARN__DUPLICATE_METHOD_MATCH = YES;
				CODE_SIGN_IDENTITY = "iPhone Developer";
				COPY_PHASE_STRIP = NO;
				DEBUG_INFORMATION_FORMAT = dwarf;
				ENABLE_STRICT_OBJC_MSGSEND = YES;
				ENABLE_TESTABILITY = YES;
				GCC_C_LANGUAGE_STANDARD = gnu11;
				GCC_DYNAMIC_NO_PIC = NO;
				GCC_NO_COMMON_BLOCKS = YES;
				GCC_OPTIMIZATION_LEVEL = 0;
				GCC_PREPROCESSOR_DEFINITIONS = (
					"DEBUG=1",
					"$(inherited)",
				);
				GCC_WARN_64_TO_32_BIT_CONVERSION = YES;
				GCC_WARN_ABOUT_RETURN_TYPE = YES_ERROR;
				GCC_WARN_UNDECLARED_SELECTOR = YES;
				GCC_WARN_UNINITIALIZED_AUTOS = YES_AGGRESSIVE;
				GCC_WARN_UNUSED_FUNCTION = YES;
				GCC_WARN_UNUSED_VARIABLE = YES;
				IPHONEOS_DEPLOYMENT_TARGET = 11.2;
				MTL_ENABLE_DEBUG_INFO = YES;
				ONLY_ACTIVE_ARCH = YES;
				SDKROOT = iphoneos;
				SWIFT_ACTIVE_COMPILATION_CONDITIONS = DEBUG;
				SWIFT_OPTIMIZATION_LEVEL = "-Onone";
			};
			name = Debug;
		};
		5D14CB4420476F950076F8C3 /* Release */ = {
			isa = XCBuildConfiguration;
			buildSettings = {
				ALWAYS_SEARCH_USER_PATHS = NO;
				CLANG_ANALYZER_NONNULL = YES;
				CLANG_ANALYZER_NUMBER_OBJECT_CONVERSION = YES_AGGRESSIVE;
				CLANG_CXX_LANGUAGE_STANDARD = "gnu++14";
				CLANG_CXX_LIBRARY = "libc++";
				CLANG_ENABLE_MODULES = YES;
				CLANG_ENABLE_OBJC_ARC = YES;
				CLANG_WARN_BLOCK_CAPTURE_AUTORELEASING = YES;
				CLANG_WARN_BOOL_CONVERSION = YES;
				CLANG_WARN_COMMA = YES;
				CLANG_WARN_CONSTANT_CONVERSION = YES;
				CLANG_WARN_DIRECT_OBJC_ISA_USAGE = YES_ERROR;
				CLANG_WARN_DOCUMENTATION_COMMENTS = YES;
				CLANG_WARN_EMPTY_BODY = YES;
				CLANG_WARN_ENUM_CONVERSION = YES;
				CLANG_WARN_INFINITE_RECURSION = YES;
				CLANG_WARN_INT_CONVERSION = YES;
				CLANG_WARN_NON_LITERAL_NULL_CONVERSION = YES;
				CLANG_WARN_OBJC_LITERAL_CONVERSION = YES;
				CLANG_WARN_OBJC_ROOT_CLASS = YES_ERROR;
				CLANG_WARN_RANGE_LOOP_ANALYSIS = YES;
				CLANG_WARN_STRICT_PROTOTYPES = YES;
				CLANG_WARN_SUSPICIOUS_MOVE = YES;
				CLANG_WARN_UNGUARDED_AVAILABILITY = YES_AGGRESSIVE;
				CLANG_WARN_UNREACHABLE_CODE = YES;
				CLANG_WARN__DUPLICATE_METHOD_MATCH = YES;
				CODE_SIGN_IDENTITY = "iPhone Developer";
				COPY_PHASE_STRIP = NO;
				DEBUG_INFORMATION_FORMAT = "dwarf-with-dsym";
				ENABLE_NS_ASSERTIONS = NO;
				ENABLE_STRICT_OBJC_MSGSEND = YES;
				GCC_C_LANGUAGE_STANDARD = gnu11;
				GCC_NO_COMMON_BLOCKS = YES;
				GCC_WARN_64_TO_32_BIT_CONVERSION = YES;
				GCC_WARN_ABOUT_RETURN_TYPE = YES_ERROR;
				GCC_WARN_UNDECLARED_SELECTOR = YES;
				GCC_WARN_UNINITIALIZED_AUTOS = YES_AGGRESSIVE;
				GCC_WARN_UNUSED_FUNCTION = YES;
				GCC_WARN_UNUSED_VARIABLE = YES;
				IPHONEOS_DEPLOYMENT_TARGET = 11.2;
				MTL_ENABLE_DEBUG_INFO = NO;
				SDKROOT = iphoneos;
				SWIFT_OPTIMIZATION_LEVEL = "-Owholemodule";
				VALIDATE_PRODUCT = YES;
			};
			name = Release;
		};
		5D14CB4620476F950076F8C3 /* Debug */ = {
			isa = XCBuildConfiguration;
			baseConfigurationReference = 6E82028454B5C2E661D942BE /* Pods-Tindogs.debug.xcconfig */;
			buildSettings = {
				ASSETCATALOG_COMPILER_APPICON_NAME = AppIcon;
				CODE_SIGN_STYLE = Automatic;
				DEVELOPMENT_TEAM = NW392JLHHF;
				INFOPLIST_FILE = Tindogs/Info.plist;
				IPHONEOS_DEPLOYMENT_TARGET = 11.1;
				LD_RUNPATH_SEARCH_PATHS = "$(inherited) @executable_path/Frameworks";
				PRODUCT_BUNDLE_IDENTIFIER = com.appvengers.Tindogs;
				PRODUCT_NAME = "$(TARGET_NAME)";
				SWIFT_VERSION = 4.0;
				TARGETED_DEVICE_FAMILY = "1,2";
			};
			name = Debug;
		};
		5D14CB4720476F950076F8C3 /* Release */ = {
			isa = XCBuildConfiguration;
			baseConfigurationReference = 7BC467F0984D31D198245EE5 /* Pods-Tindogs.release.xcconfig */;
			buildSettings = {
				ASSETCATALOG_COMPILER_APPICON_NAME = AppIcon;
				CODE_SIGN_STYLE = Automatic;
				DEVELOPMENT_TEAM = NW392JLHHF;
				INFOPLIST_FILE = Tindogs/Info.plist;
				IPHONEOS_DEPLOYMENT_TARGET = 11.1;
				LD_RUNPATH_SEARCH_PATHS = "$(inherited) @executable_path/Frameworks";
				PRODUCT_BUNDLE_IDENTIFIER = com.appvengers.Tindogs;
				PRODUCT_NAME = "$(TARGET_NAME)";
				SWIFT_VERSION = 4.0;
				TARGETED_DEVICE_FAMILY = "1,2";
			};
			name = Release;
		};
		5D14CB4920476F950076F8C3 /* Debug */ = {
			isa = XCBuildConfiguration;
			buildSettings = {
				ALWAYS_EMBED_SWIFT_STANDARD_LIBRARIES = YES;
				BUNDLE_LOADER = "$(TEST_HOST)";
				CODE_SIGN_STYLE = Automatic;
				DEVELOPMENT_TEAM = NW392JLHHF;
				INFOPLIST_FILE = TindogsTests/Info.plist;
				IPHONEOS_DEPLOYMENT_TARGET = 11.1;
				LD_RUNPATH_SEARCH_PATHS = "$(inherited) @executable_path/Frameworks @loader_path/Frameworks";
				PRODUCT_BUNDLE_IDENTIFIER = com.appvengers.TindogsTests;
				PRODUCT_NAME = "$(TARGET_NAME)";
				SWIFT_VERSION = 4.0;
				TARGETED_DEVICE_FAMILY = "1,2";
				TEST_HOST = "$(BUILT_PRODUCTS_DIR)/Tindogs.app/Tindogs";
			};
			name = Debug;
		};
		5D14CB4A20476F950076F8C3 /* Release */ = {
			isa = XCBuildConfiguration;
			buildSettings = {
				ALWAYS_EMBED_SWIFT_STANDARD_LIBRARIES = YES;
				BUNDLE_LOADER = "$(TEST_HOST)";
				CODE_SIGN_STYLE = Automatic;
				DEVELOPMENT_TEAM = NW392JLHHF;
				INFOPLIST_FILE = TindogsTests/Info.plist;
				IPHONEOS_DEPLOYMENT_TARGET = 11.1;
				LD_RUNPATH_SEARCH_PATHS = "$(inherited) @executable_path/Frameworks @loader_path/Frameworks";
				PRODUCT_BUNDLE_IDENTIFIER = com.appvengers.TindogsTests;
				PRODUCT_NAME = "$(TARGET_NAME)";
				SWIFT_VERSION = 4.0;
				TARGETED_DEVICE_FAMILY = "1,2";
				TEST_HOST = "$(BUILT_PRODUCTS_DIR)/Tindogs.app/Tindogs";
			};
			name = Release;
		};
/* End XCBuildConfiguration section */

/* Begin XCConfigurationList section */
		5D14CB2020476F940076F8C3 /* Build configuration list for PBXProject "Tindogs" */ = {
			isa = XCConfigurationList;
			buildConfigurations = (
				5D14CB4320476F950076F8C3 /* Debug */,
				5D14CB4420476F950076F8C3 /* Release */,
			);
			defaultConfigurationIsVisible = 0;
			defaultConfigurationName = Release;
		};
		5D14CB4520476F950076F8C3 /* Build configuration list for PBXNativeTarget "Tindogs" */ = {
			isa = XCConfigurationList;
			buildConfigurations = (
				5D14CB4620476F950076F8C3 /* Debug */,
				5D14CB4720476F950076F8C3 /* Release */,
			);
			defaultConfigurationIsVisible = 0;
			defaultConfigurationName = Release;
		};
		5D14CB4820476F950076F8C3 /* Build configuration list for PBXNativeTarget "TindogsTests" */ = {
			isa = XCConfigurationList;
			buildConfigurations = (
				5D14CB4920476F950076F8C3 /* Debug */,
				5D14CB4A20476F950076F8C3 /* Release */,
			);
			defaultConfigurationIsVisible = 0;
			defaultConfigurationName = Release;
		};
/* End XCConfigurationList section */

/* Begin XCVersionGroup section */
		5D14CB2F20476F940076F8C3 /* Tindogs.xcdatamodeld */ = {
			isa = XCVersionGroup;
			children = (
				5D14CB3020476F940076F8C3 /* Tindogs.xcdatamodel */,
			);
			currentVersion = 5D14CB3020476F940076F8C3 /* Tindogs.xcdatamodel */;
			path = Tindogs.xcdatamodeld;
			sourceTree = "<group>";
			versionGroupType = wrapper.xcdatamodel;
		};
/* End XCVersionGroup section */
	};
	rootObject = 5D14CB1D20476F940076F8C3 /* Project object */;
}
